
Microsoft Visual Studio Solution File, Format Version 12.00
# Visual Studio 15
VisualStudioVersion = 15.0.26430.14
MinimumVisualStudioVersion = 10.0.40219.1
Project("{FAE04EC0-301F-11D3-BF4B-00C04F79EFBC}") = "Plugin.InAppBilling.iOS", "Plugin.InAppBilling.iOS\Plugin.InAppBilling.iOS.csproj", "{2882AEEB-D4CD-4EB9-8A6C-6653B33681F0}"
EndProject
Project("{FAE04EC0-301F-11D3-BF4B-00C04F79EFBC}") = "Plugin.InAppBilling.Android", "Plugin.InAppBilling.Android\Plugin.InAppBilling.Android.csproj", "{56A56F17-7DE1-4CA1-9617-BF32E971AC84}"
EndProject
Project("{FAE04EC0-301F-11D3-BF4B-00C04F79EFBC}") = "Plugin.InAppBilling.UWP", "Plugin.InAppBilling.UWP\Plugin.InAppBilling.UWP.csproj", "{E34B516D-C0D8-450F-9DB0-BB6A5B04AEF1}"
EndProject
Project("{FAE04EC0-301F-11D3-BF4B-00C04F79EFBC}") = "VendingLibrary", "VendingLibrary\VendingLibrary.csproj", "{B54390E5-B309-4F2B-9EC5-63D4509F561E}"
EndProject
Project("{2150E333-8FDC-42A3-9474-1A3956D46DE8}") = "Solution Items", "Solution Items", "{3236B15E-C644-4FAA-8568-55E39CCE6D2F}"
	ProjectSection(SolutionItems) = preProject
		..\.editorconfig = ..\.editorconfig
		..\appveyor.yml = ..\appveyor.yml
		..\bootstrapper.ps1 = ..\bootstrapper.ps1
		..\build.cake = ..\build.cake
		..\CHANGELOG.md = ..\CHANGELOG.md
		..\nuget\Plugin.nuspec = ..\nuget\Plugin.nuspec
		..\README.md = ..\README.md
		..\nuget\readme.txt = ..\nuget\readme.txt
	EndProjectSection
EndProject
Project("{9A19103F-16F7-4668-BE54-9A1E7A4F7556}") = "Plugin.InAppBilling", "Plugin.InAppBilling\Plugin.InAppBilling.csproj", "{C570E25E-259F-4D4C-88F0-B2982815192D}"
EndProject
Project("{9A19103F-16F7-4668-BE54-9A1E7A4F7556}") = "Plugin.InAppBilling.Abstractions", "Plugin.InAppBilling.Abstractions\Plugin.InAppBilling.Abstractions.csproj", "{CCD0ED8A-828B-4AC0-A5F2-666A8D5BFE03}"
EndProject
Project("{FAE04EC0-301F-11D3-BF4B-00C04F79EFBC}") = "Plugin.InAppBilling.tvOS", "Plugin.InAppBilling.tvOS\Plugin.InAppBilling.tvOS.csproj", "{79036EB1-A7BE-45C4-97F2-061EEC984BEC}"
EndProject
Project("{2150E333-8FDC-42A3-9474-1A3956D46DE8}") = "Docs", "Docs", "{6A41C44D-4B82-4039-B2AC-07D668168569}"
	ProjectSection(SolutionItems) = preProject
		..\docs\Architecture.md = ..\docs\Architecture.md
		..\docs\CheckAndRestorePurchases.md = ..\docs\CheckAndRestorePurchases.md
		..\docs\GetProductDetails.md = ..\docs\GetProductDetails.md
		..\docs\GettingStarted.md = ..\docs\GettingStarted.md
		..\docs\HandlingExceptions.md = ..\docs\HandlingExceptions.md
		..\docs\PurchaseConsumable.md = ..\docs\PurchaseConsumable.md
		..\docs\PurchaseNonConsumable.md = ..\docs\PurchaseNonConsumable.md
		..\docs\PurchaseSubscription.md = ..\docs\PurchaseSubscription.md
		..\docs\README.md = ..\docs\README.md
		..\docs\SecuringPurchases.md = ..\docs\SecuringPurchases.md
		..\docs\TestingAndTroubleshooting.md = ..\docs\TestingAndTroubleshooting.md
	EndProjectSection
EndProject
Project("{2150E333-8FDC-42A3-9474-1A3956D46DE8}") = "Tests", "Tests", "{5124C265-C6EF-4415-9497-0EF227E43095}"
EndProject
Project("{FAE04EC0-301F-11D3-BF4B-00C04F79EFBC}") = "InAppBillingTests.Android", "InAppBillingTests\InAppBillingTests.Android\InAppBillingTests.Android.csproj", "{4C7DF981-3F54-40EB-82AD-7D54C443FCCC}"
EndProject
Project("{FAE04EC0-301F-11D3-BF4B-00C04F79EFBC}") = "InAppBillingTests.iOS", "InAppBillingTests\InAppBillingTests.iOS\InAppBillingTests.iOS.csproj", "{096CE273-B696-42E5-8770-E06FBE982235}"
EndProject
Project("{FAE04EC0-301F-11D3-BF4B-00C04F79EFBC}") = "InAppBillingTests.UWP", "InAppBillingTests\InAppBillingTests.UWP\InAppBillingTests.UWP.csproj", "{EBD6A824-A56E-4F33-B352-B4E72D711B00}"
EndProject
Project("{FAE04EC0-301F-11D3-BF4B-00C04F79EFBC}") = "InAppBillingTests", "InAppBillingTests\InAppBillingTests\InAppBillingTests.csproj", "{6D4D9135-F225-4626-A9CE-32BDF97AEA89}"
EndProject
Global
	GlobalSection(SolutionConfigurationPlatforms) = preSolution
		Ad-Hoc|Any CPU = Ad-Hoc|Any CPU
		Ad-Hoc|ARM = Ad-Hoc|ARM
		Ad-Hoc|iPhone = Ad-Hoc|iPhone
		Ad-Hoc|iPhoneSimulator = Ad-Hoc|iPhoneSimulator
		Ad-Hoc|x64 = Ad-Hoc|x64
		Ad-Hoc|x86 = Ad-Hoc|x86
		AppStore|Any CPU = AppStore|Any CPU
		AppStore|ARM = AppStore|ARM
		AppStore|iPhone = AppStore|iPhone
		AppStore|iPhoneSimulator = AppStore|iPhoneSimulator
		AppStore|x64 = AppStore|x64
		AppStore|x86 = AppStore|x86
		Debug|Any CPU = Debug|Any CPU
		Debug|ARM = Debug|ARM
		Debug|iPhone = Debug|iPhone
		Debug|iPhoneSimulator = Debug|iPhoneSimulator
		Debug|x64 = Debug|x64
		Debug|x86 = Debug|x86
		Release|Any CPU = Release|Any CPU
		Release|ARM = Release|ARM
		Release|iPhone = Release|iPhone
		Release|iPhoneSimulator = Release|iPhoneSimulator
		Release|x64 = Release|x64
		Release|x86 = Release|x86
	EndGlobalSection
	GlobalSection(ProjectConfigurationPlatforms) = postSolution
		{2882AEEB-D4CD-4EB9-8A6C-6653B33681F0}.Ad-Hoc|Any CPU.ActiveCfg = Release|Any CPU
		{2882AEEB-D4CD-4EB9-8A6C-6653B33681F0}.Ad-Hoc|Any CPU.Build.0 = Release|Any CPU
		{2882AEEB-D4CD-4EB9-8A6C-6653B33681F0}.Ad-Hoc|ARM.ActiveCfg = Release|Any CPU
		{2882AEEB-D4CD-4EB9-8A6C-6653B33681F0}.Ad-Hoc|ARM.Build.0 = Release|Any CPU
		{2882AEEB-D4CD-4EB9-8A6C-6653B33681F0}.Ad-Hoc|iPhone.ActiveCfg = Release|Any CPU
		{2882AEEB-D4CD-4EB9-8A6C-6653B33681F0}.Ad-Hoc|iPhone.Build.0 = Release|Any CPU
		{2882AEEB-D4CD-4EB9-8A6C-6653B33681F0}.Ad-Hoc|iPhoneSimulator.ActiveCfg = Release|Any CPU
		{2882AEEB-D4CD-4EB9-8A6C-6653B33681F0}.Ad-Hoc|iPhoneSimulator.Build.0 = Release|Any CPU
		{2882AEEB-D4CD-4EB9-8A6C-6653B33681F0}.Ad-Hoc|x64.ActiveCfg = Release|Any CPU
		{2882AEEB-D4CD-4EB9-8A6C-6653B33681F0}.Ad-Hoc|x64.Build.0 = Release|Any CPU
		{2882AEEB-D4CD-4EB9-8A6C-6653B33681F0}.Ad-Hoc|x86.ActiveCfg = Release|Any CPU
		{2882AEEB-D4CD-4EB9-8A6C-6653B33681F0}.Ad-Hoc|x86.Build.0 = Release|Any CPU
		{2882AEEB-D4CD-4EB9-8A6C-6653B33681F0}.AppStore|Any CPU.ActiveCfg = Release|Any CPU
		{2882AEEB-D4CD-4EB9-8A6C-6653B33681F0}.AppStore|Any CPU.Build.0 = Release|Any CPU
		{2882AEEB-D4CD-4EB9-8A6C-6653B33681F0}.AppStore|ARM.ActiveCfg = Release|Any CPU
		{2882AEEB-D4CD-4EB9-8A6C-6653B33681F0}.AppStore|ARM.Build.0 = Release|Any CPU
		{2882AEEB-D4CD-4EB9-8A6C-6653B33681F0}.AppStore|iPhone.ActiveCfg = Release|Any CPU
		{2882AEEB-D4CD-4EB9-8A6C-6653B33681F0}.AppStore|iPhone.Build.0 = Release|Any CPU
		{2882AEEB-D4CD-4EB9-8A6C-6653B33681F0}.AppStore|iPhoneSimulator.ActiveCfg = Release|Any CPU
		{2882AEEB-D4CD-4EB9-8A6C-6653B33681F0}.AppStore|iPhoneSimulator.Build.0 = Release|Any CPU
		{2882AEEB-D4CD-4EB9-8A6C-6653B33681F0}.AppStore|x64.ActiveCfg = Release|Any CPU
		{2882AEEB-D4CD-4EB9-8A6C-6653B33681F0}.AppStore|x64.Build.0 = Release|Any CPU
		{2882AEEB-D4CD-4EB9-8A6C-6653B33681F0}.AppStore|x86.ActiveCfg = Release|Any CPU
		{2882AEEB-D4CD-4EB9-8A6C-6653B33681F0}.AppStore|x86.Build.0 = Release|Any CPU
		{2882AEEB-D4CD-4EB9-8A6C-6653B33681F0}.Debug|Any CPU.ActiveCfg = Debug|Any CPU
		{2882AEEB-D4CD-4EB9-8A6C-6653B33681F0}.Debug|Any CPU.Build.0 = Debug|Any CPU
		{2882AEEB-D4CD-4EB9-8A6C-6653B33681F0}.Debug|ARM.ActiveCfg = Debug|Any CPU
		{2882AEEB-D4CD-4EB9-8A6C-6653B33681F0}.Debug|ARM.Build.0 = Debug|Any CPU
		{2882AEEB-D4CD-4EB9-8A6C-6653B33681F0}.Debug|iPhone.ActiveCfg = Debug|Any CPU
		{2882AEEB-D4CD-4EB9-8A6C-6653B33681F0}.Debug|iPhone.Build.0 = Debug|Any CPU
		{2882AEEB-D4CD-4EB9-8A6C-6653B33681F0}.Debug|iPhoneSimulator.ActiveCfg = Debug|Any CPU
		{2882AEEB-D4CD-4EB9-8A6C-6653B33681F0}.Debug|iPhoneSimulator.Build.0 = Debug|Any CPU
		{2882AEEB-D4CD-4EB9-8A6C-6653B33681F0}.Debug|x64.ActiveCfg = Debug|Any CPU
		{2882AEEB-D4CD-4EB9-8A6C-6653B33681F0}.Debug|x64.Build.0 = Debug|Any CPU
		{2882AEEB-D4CD-4EB9-8A6C-6653B33681F0}.Debug|x86.ActiveCfg = Debug|Any CPU
		{2882AEEB-D4CD-4EB9-8A6C-6653B33681F0}.Debug|x86.Build.0 = Debug|Any CPU
		{2882AEEB-D4CD-4EB9-8A6C-6653B33681F0}.Release|Any CPU.ActiveCfg = Release|Any CPU
		{2882AEEB-D4CD-4EB9-8A6C-6653B33681F0}.Release|Any CPU.Build.0 = Release|Any CPU
		{2882AEEB-D4CD-4EB9-8A6C-6653B33681F0}.Release|ARM.ActiveCfg = Release|Any CPU
		{2882AEEB-D4CD-4EB9-8A6C-6653B33681F0}.Release|ARM.Build.0 = Release|Any CPU
		{2882AEEB-D4CD-4EB9-8A6C-6653B33681F0}.Release|iPhone.ActiveCfg = Release|Any CPU
		{2882AEEB-D4CD-4EB9-8A6C-6653B33681F0}.Release|iPhone.Build.0 = Release|Any CPU
		{2882AEEB-D4CD-4EB9-8A6C-6653B33681F0}.Release|iPhoneSimulator.ActiveCfg = Release|Any CPU
		{2882AEEB-D4CD-4EB9-8A6C-6653B33681F0}.Release|iPhoneSimulator.Build.0 = Release|Any CPU
		{2882AEEB-D4CD-4EB9-8A6C-6653B33681F0}.Release|x64.ActiveCfg = Release|Any CPU
		{2882AEEB-D4CD-4EB9-8A6C-6653B33681F0}.Release|x64.Build.0 = Release|Any CPU
		{2882AEEB-D4CD-4EB9-8A6C-6653B33681F0}.Release|x86.ActiveCfg = Release|Any CPU
		{2882AEEB-D4CD-4EB9-8A6C-6653B33681F0}.Release|x86.Build.0 = Release|Any CPU
		{56A56F17-7DE1-4CA1-9617-BF32E971AC84}.Ad-Hoc|Any CPU.ActiveCfg = Release|Any CPU
		{56A56F17-7DE1-4CA1-9617-BF32E971AC84}.Ad-Hoc|Any CPU.Build.0 = Release|Any CPU
		{56A56F17-7DE1-4CA1-9617-BF32E971AC84}.Ad-Hoc|ARM.ActiveCfg = Release|Any CPU
		{56A56F17-7DE1-4CA1-9617-BF32E971AC84}.Ad-Hoc|ARM.Build.0 = Release|Any CPU
		{56A56F17-7DE1-4CA1-9617-BF32E971AC84}.Ad-Hoc|iPhone.ActiveCfg = Release|Any CPU
		{56A56F17-7DE1-4CA1-9617-BF32E971AC84}.Ad-Hoc|iPhone.Build.0 = Release|Any CPU
		{56A56F17-7DE1-4CA1-9617-BF32E971AC84}.Ad-Hoc|iPhoneSimulator.ActiveCfg = Release|Any CPU
		{56A56F17-7DE1-4CA1-9617-BF32E971AC84}.Ad-Hoc|iPhoneSimulator.Build.0 = Release|Any CPU
		{56A56F17-7DE1-4CA1-9617-BF32E971AC84}.Ad-Hoc|x64.ActiveCfg = Release|Any CPU
		{56A56F17-7DE1-4CA1-9617-BF32E971AC84}.Ad-Hoc|x64.Build.0 = Release|Any CPU
		{56A56F17-7DE1-4CA1-9617-BF32E971AC84}.Ad-Hoc|x86.ActiveCfg = Release|Any CPU
		{56A56F17-7DE1-4CA1-9617-BF32E971AC84}.Ad-Hoc|x86.Build.0 = Release|Any CPU
		{56A56F17-7DE1-4CA1-9617-BF32E971AC84}.AppStore|Any CPU.ActiveCfg = Release|Any CPU
		{56A56F17-7DE1-4CA1-9617-BF32E971AC84}.AppStore|Any CPU.Build.0 = Release|Any CPU
		{56A56F17-7DE1-4CA1-9617-BF32E971AC84}.AppStore|ARM.ActiveCfg = Release|Any CPU
		{56A56F17-7DE1-4CA1-9617-BF32E971AC84}.AppStore|ARM.Build.0 = Release|Any CPU
		{56A56F17-7DE1-4CA1-9617-BF32E971AC84}.AppStore|iPhone.ActiveCfg = Release|Any CPU
		{56A56F17-7DE1-4CA1-9617-BF32E971AC84}.AppStore|iPhone.Build.0 = Release|Any CPU
		{56A56F17-7DE1-4CA1-9617-BF32E971AC84}.AppStore|iPhoneSimulator.ActiveCfg = Release|Any CPU
		{56A56F17-7DE1-4CA1-9617-BF32E971AC84}.AppStore|iPhoneSimulator.Build.0 = Release|Any CPU
		{56A56F17-7DE1-4CA1-9617-BF32E971AC84}.AppStore|x64.ActiveCfg = Release|Any CPU
		{56A56F17-7DE1-4CA1-9617-BF32E971AC84}.AppStore|x64.Build.0 = Release|Any CPU
		{56A56F17-7DE1-4CA1-9617-BF32E971AC84}.AppStore|x86.ActiveCfg = Release|Any CPU
		{56A56F17-7DE1-4CA1-9617-BF32E971AC84}.AppStore|x86.Build.0 = Release|Any CPU
		{56A56F17-7DE1-4CA1-9617-BF32E971AC84}.Debug|Any CPU.ActiveCfg = Debug|Any CPU
		{56A56F17-7DE1-4CA1-9617-BF32E971AC84}.Debug|Any CPU.Build.0 = Debug|Any CPU
		{56A56F17-7DE1-4CA1-9617-BF32E971AC84}.Debug|ARM.ActiveCfg = Debug|Any CPU
		{56A56F17-7DE1-4CA1-9617-BF32E971AC84}.Debug|ARM.Build.0 = Debug|Any CPU
		{56A56F17-7DE1-4CA1-9617-BF32E971AC84}.Debug|iPhone.ActiveCfg = Debug|Any CPU
		{56A56F17-7DE1-4CA1-9617-BF32E971AC84}.Debug|iPhone.Build.0 = Debug|Any CPU
		{56A56F17-7DE1-4CA1-9617-BF32E971AC84}.Debug|iPhoneSimulator.ActiveCfg = Debug|Any CPU
		{56A56F17-7DE1-4CA1-9617-BF32E971AC84}.Debug|iPhoneSimulator.Build.0 = Debug|Any CPU
		{56A56F17-7DE1-4CA1-9617-BF32E971AC84}.Debug|x64.ActiveCfg = Debug|Any CPU
		{56A56F17-7DE1-4CA1-9617-BF32E971AC84}.Debug|x64.Build.0 = Debug|Any CPU
		{56A56F17-7DE1-4CA1-9617-BF32E971AC84}.Debug|x86.ActiveCfg = Debug|Any CPU
		{56A56F17-7DE1-4CA1-9617-BF32E971AC84}.Debug|x86.Build.0 = Debug|Any CPU
		{56A56F17-7DE1-4CA1-9617-BF32E971AC84}.Release|Any CPU.ActiveCfg = Release|Any CPU
		{56A56F17-7DE1-4CA1-9617-BF32E971AC84}.Release|Any CPU.Build.0 = Release|Any CPU
		{56A56F17-7DE1-4CA1-9617-BF32E971AC84}.Release|ARM.ActiveCfg = Release|Any CPU
		{56A56F17-7DE1-4CA1-9617-BF32E971AC84}.Release|ARM.Build.0 = Release|Any CPU
		{56A56F17-7DE1-4CA1-9617-BF32E971AC84}.Release|iPhone.ActiveCfg = Release|Any CPU
		{56A56F17-7DE1-4CA1-9617-BF32E971AC84}.Release|iPhone.Build.0 = Release|Any CPU
		{56A56F17-7DE1-4CA1-9617-BF32E971AC84}.Release|iPhoneSimulator.ActiveCfg = Release|Any CPU
		{56A56F17-7DE1-4CA1-9617-BF32E971AC84}.Release|iPhoneSimulator.Build.0 = Release|Any CPU
		{56A56F17-7DE1-4CA1-9617-BF32E971AC84}.Release|x64.ActiveCfg = Release|Any CPU
		{56A56F17-7DE1-4CA1-9617-BF32E971AC84}.Release|x64.Build.0 = Release|Any CPU
		{56A56F17-7DE1-4CA1-9617-BF32E971AC84}.Release|x86.ActiveCfg = Release|Any CPU
		{56A56F17-7DE1-4CA1-9617-BF32E971AC84}.Release|x86.Build.0 = Release|Any CPU
		{E34B516D-C0D8-450F-9DB0-BB6A5B04AEF1}.Ad-Hoc|Any CPU.ActiveCfg = Release|Any CPU
		{E34B516D-C0D8-450F-9DB0-BB6A5B04AEF1}.Ad-Hoc|Any CPU.Build.0 = Release|Any CPU
		{E34B516D-C0D8-450F-9DB0-BB6A5B04AEF1}.Ad-Hoc|ARM.ActiveCfg = Release|ARM
		{E34B516D-C0D8-450F-9DB0-BB6A5B04AEF1}.Ad-Hoc|ARM.Build.0 = Release|ARM
		{E34B516D-C0D8-450F-9DB0-BB6A5B04AEF1}.Ad-Hoc|iPhone.ActiveCfg = Release|Any CPU
		{E34B516D-C0D8-450F-9DB0-BB6A5B04AEF1}.Ad-Hoc|iPhone.Build.0 = Release|Any CPU
		{E34B516D-C0D8-450F-9DB0-BB6A5B04AEF1}.Ad-Hoc|iPhoneSimulator.ActiveCfg = Release|Any CPU
		{E34B516D-C0D8-450F-9DB0-BB6A5B04AEF1}.Ad-Hoc|iPhoneSimulator.Build.0 = Release|Any CPU
		{E34B516D-C0D8-450F-9DB0-BB6A5B04AEF1}.Ad-Hoc|x64.ActiveCfg = Release|x64
		{E34B516D-C0D8-450F-9DB0-BB6A5B04AEF1}.Ad-Hoc|x64.Build.0 = Release|x64
		{E34B516D-C0D8-450F-9DB0-BB6A5B04AEF1}.Ad-Hoc|x86.ActiveCfg = Release|x86
		{E34B516D-C0D8-450F-9DB0-BB6A5B04AEF1}.Ad-Hoc|x86.Build.0 = Release|x86
		{E34B516D-C0D8-450F-9DB0-BB6A5B04AEF1}.AppStore|Any CPU.ActiveCfg = Release|Any CPU
		{E34B516D-C0D8-450F-9DB0-BB6A5B04AEF1}.AppStore|Any CPU.Build.0 = Release|Any CPU
		{E34B516D-C0D8-450F-9DB0-BB6A5B04AEF1}.AppStore|ARM.ActiveCfg = Release|ARM
		{E34B516D-C0D8-450F-9DB0-BB6A5B04AEF1}.AppStore|ARM.Build.0 = Release|ARM
		{E34B516D-C0D8-450F-9DB0-BB6A5B04AEF1}.AppStore|iPhone.ActiveCfg = Release|Any CPU
		{E34B516D-C0D8-450F-9DB0-BB6A5B04AEF1}.AppStore|iPhone.Build.0 = Release|Any CPU
		{E34B516D-C0D8-450F-9DB0-BB6A5B04AEF1}.AppStore|iPhoneSimulator.ActiveCfg = Release|Any CPU
		{E34B516D-C0D8-450F-9DB0-BB6A5B04AEF1}.AppStore|iPhoneSimulator.Build.0 = Release|Any CPU
		{E34B516D-C0D8-450F-9DB0-BB6A5B04AEF1}.AppStore|x64.ActiveCfg = Release|x64
		{E34B516D-C0D8-450F-9DB0-BB6A5B04AEF1}.AppStore|x64.Build.0 = Release|x64
		{E34B516D-C0D8-450F-9DB0-BB6A5B04AEF1}.AppStore|x86.ActiveCfg = Release|x86
		{E34B516D-C0D8-450F-9DB0-BB6A5B04AEF1}.AppStore|x86.Build.0 = Release|x86
		{E34B516D-C0D8-450F-9DB0-BB6A5B04AEF1}.Debug|Any CPU.ActiveCfg = Debug|Any CPU
		{E34B516D-C0D8-450F-9DB0-BB6A5B04AEF1}.Debug|Any CPU.Build.0 = Debug|Any CPU
		{E34B516D-C0D8-450F-9DB0-BB6A5B04AEF1}.Debug|ARM.ActiveCfg = Debug|ARM
		{E34B516D-C0D8-450F-9DB0-BB6A5B04AEF1}.Debug|ARM.Build.0 = Debug|ARM
		{E34B516D-C0D8-450F-9DB0-BB6A5B04AEF1}.Debug|iPhone.ActiveCfg = Debug|Any CPU
		{E34B516D-C0D8-450F-9DB0-BB6A5B04AEF1}.Debug|iPhone.Build.0 = Debug|Any CPU
		{E34B516D-C0D8-450F-9DB0-BB6A5B04AEF1}.Debug|iPhoneSimulator.ActiveCfg = Debug|Any CPU
		{E34B516D-C0D8-450F-9DB0-BB6A5B04AEF1}.Debug|iPhoneSimulator.Build.0 = Debug|Any CPU
		{E34B516D-C0D8-450F-9DB0-BB6A5B04AEF1}.Debug|x64.ActiveCfg = Debug|x64
		{E34B516D-C0D8-450F-9DB0-BB6A5B04AEF1}.Debug|x64.Build.0 = Debug|x64
		{E34B516D-C0D8-450F-9DB0-BB6A5B04AEF1}.Debug|x86.ActiveCfg = Debug|x86
		{E34B516D-C0D8-450F-9DB0-BB6A5B04AEF1}.Debug|x86.Build.0 = Debug|x86
		{E34B516D-C0D8-450F-9DB0-BB6A5B04AEF1}.Release|Any CPU.ActiveCfg = Release|Any CPU
		{E34B516D-C0D8-450F-9DB0-BB6A5B04AEF1}.Release|Any CPU.Build.0 = Release|Any CPU
		{E34B516D-C0D8-450F-9DB0-BB6A5B04AEF1}.Release|ARM.ActiveCfg = Release|ARM
		{E34B516D-C0D8-450F-9DB0-BB6A5B04AEF1}.Release|ARM.Build.0 = Release|ARM
		{E34B516D-C0D8-450F-9DB0-BB6A5B04AEF1}.Release|iPhone.ActiveCfg = Release|Any CPU
		{E34B516D-C0D8-450F-9DB0-BB6A5B04AEF1}.Release|iPhone.Build.0 = Release|Any CPU
		{E34B516D-C0D8-450F-9DB0-BB6A5B04AEF1}.Release|iPhoneSimulator.ActiveCfg = Release|Any CPU
		{E34B516D-C0D8-450F-9DB0-BB6A5B04AEF1}.Release|iPhoneSimulator.Build.0 = Release|Any CPU
		{E34B516D-C0D8-450F-9DB0-BB6A5B04AEF1}.Release|x64.ActiveCfg = Release|x64
		{E34B516D-C0D8-450F-9DB0-BB6A5B04AEF1}.Release|x64.Build.0 = Release|x64
		{E34B516D-C0D8-450F-9DB0-BB6A5B04AEF1}.Release|x86.ActiveCfg = Release|x86
		{E34B516D-C0D8-450F-9DB0-BB6A5B04AEF1}.Release|x86.Build.0 = Release|x86
		{B54390E5-B309-4F2B-9EC5-63D4509F561E}.Ad-Hoc|Any CPU.ActiveCfg = Release|Any CPU
		{B54390E5-B309-4F2B-9EC5-63D4509F561E}.Ad-Hoc|Any CPU.Build.0 = Release|Any CPU
		{B54390E5-B309-4F2B-9EC5-63D4509F561E}.Ad-Hoc|ARM.ActiveCfg = Release|Any CPU
		{B54390E5-B309-4F2B-9EC5-63D4509F561E}.Ad-Hoc|ARM.Build.0 = Release|Any CPU
		{B54390E5-B309-4F2B-9EC5-63D4509F561E}.Ad-Hoc|iPhone.ActiveCfg = Release|Any CPU
		{B54390E5-B309-4F2B-9EC5-63D4509F561E}.Ad-Hoc|iPhone.Build.0 = Release|Any CPU
		{B54390E5-B309-4F2B-9EC5-63D4509F561E}.Ad-Hoc|iPhoneSimulator.ActiveCfg = Release|Any CPU
		{B54390E5-B309-4F2B-9EC5-63D4509F561E}.Ad-Hoc|iPhoneSimulator.Build.0 = Release|Any CPU
		{B54390E5-B309-4F2B-9EC5-63D4509F561E}.Ad-Hoc|x64.ActiveCfg = Release|Any CPU
		{B54390E5-B309-4F2B-9EC5-63D4509F561E}.Ad-Hoc|x64.Build.0 = Release|Any CPU
		{B54390E5-B309-4F2B-9EC5-63D4509F561E}.Ad-Hoc|x86.ActiveCfg = Release|Any CPU
		{B54390E5-B309-4F2B-9EC5-63D4509F561E}.Ad-Hoc|x86.Build.0 = Release|Any CPU
		{B54390E5-B309-4F2B-9EC5-63D4509F561E}.AppStore|Any CPU.ActiveCfg = Release|Any CPU
		{B54390E5-B309-4F2B-9EC5-63D4509F561E}.AppStore|Any CPU.Build.0 = Release|Any CPU
		{B54390E5-B309-4F2B-9EC5-63D4509F561E}.AppStore|ARM.ActiveCfg = Release|Any CPU
		{B54390E5-B309-4F2B-9EC5-63D4509F561E}.AppStore|ARM.Build.0 = Release|Any CPU
		{B54390E5-B309-4F2B-9EC5-63D4509F561E}.AppStore|iPhone.ActiveCfg = Release|Any CPU
		{B54390E5-B309-4F2B-9EC5-63D4509F561E}.AppStore|iPhone.Build.0 = Release|Any CPU
		{B54390E5-B309-4F2B-9EC5-63D4509F561E}.AppStore|iPhoneSimulator.ActiveCfg = Release|Any CPU
		{B54390E5-B309-4F2B-9EC5-63D4509F561E}.AppStore|iPhoneSimulator.Build.0 = Release|Any CPU
		{B54390E5-B309-4F2B-9EC5-63D4509F561E}.AppStore|x64.ActiveCfg = Release|Any CPU
		{B54390E5-B309-4F2B-9EC5-63D4509F561E}.AppStore|x64.Build.0 = Release|Any CPU
		{B54390E5-B309-4F2B-9EC5-63D4509F561E}.AppStore|x86.ActiveCfg = Release|Any CPU
		{B54390E5-B309-4F2B-9EC5-63D4509F561E}.AppStore|x86.Build.0 = Release|Any CPU
		{B54390E5-B309-4F2B-9EC5-63D4509F561E}.Debug|Any CPU.ActiveCfg = Debug|Any CPU
		{B54390E5-B309-4F2B-9EC5-63D4509F561E}.Debug|Any CPU.Build.0 = Debug|Any CPU
		{B54390E5-B309-4F2B-9EC5-63D4509F561E}.Debug|ARM.ActiveCfg = Debug|Any CPU
		{B54390E5-B309-4F2B-9EC5-63D4509F561E}.Debug|ARM.Build.0 = Debug|Any CPU
		{B54390E5-B309-4F2B-9EC5-63D4509F561E}.Debug|iPhone.ActiveCfg = Debug|Any CPU
		{B54390E5-B309-4F2B-9EC5-63D4509F561E}.Debug|iPhone.Build.0 = Debug|Any CPU
		{B54390E5-B309-4F2B-9EC5-63D4509F561E}.Debug|iPhoneSimulator.ActiveCfg = Debug|Any CPU
		{B54390E5-B309-4F2B-9EC5-63D4509F561E}.Debug|iPhoneSimulator.Build.0 = Debug|Any CPU
		{B54390E5-B309-4F2B-9EC5-63D4509F561E}.Debug|x64.ActiveCfg = Debug|Any CPU
		{B54390E5-B309-4F2B-9EC5-63D4509F561E}.Debug|x64.Build.0 = Debug|Any CPU
		{B54390E5-B309-4F2B-9EC5-63D4509F561E}.Debug|x86.ActiveCfg = Debug|Any CPU
		{B54390E5-B309-4F2B-9EC5-63D4509F561E}.Debug|x86.Build.0 = Debug|Any CPU
		{B54390E5-B309-4F2B-9EC5-63D4509F561E}.Release|Any CPU.ActiveCfg = Release|Any CPU
		{B54390E5-B309-4F2B-9EC5-63D4509F561E}.Release|Any CPU.Build.0 = Release|Any CPU
		{B54390E5-B309-4F2B-9EC5-63D4509F561E}.Release|ARM.ActiveCfg = Release|Any CPU
		{B54390E5-B309-4F2B-9EC5-63D4509F561E}.Release|ARM.Build.0 = Release|Any CPU
		{B54390E5-B309-4F2B-9EC5-63D4509F561E}.Release|iPhone.ActiveCfg = Release|Any CPU
		{B54390E5-B309-4F2B-9EC5-63D4509F561E}.Release|iPhone.Build.0 = Release|Any CPU
		{B54390E5-B309-4F2B-9EC5-63D4509F561E}.Release|iPhoneSimulator.ActiveCfg = Release|Any CPU
		{B54390E5-B309-4F2B-9EC5-63D4509F561E}.Release|iPhoneSimulator.Build.0 = Release|Any CPU
		{B54390E5-B309-4F2B-9EC5-63D4509F561E}.Release|x64.ActiveCfg = Release|Any CPU
		{B54390E5-B309-4F2B-9EC5-63D4509F561E}.Release|x64.Build.0 = Release|Any CPU
		{B54390E5-B309-4F2B-9EC5-63D4509F561E}.Release|x86.ActiveCfg = Release|Any CPU
		{B54390E5-B309-4F2B-9EC5-63D4509F561E}.Release|x86.Build.0 = Release|Any CPU
		{C570E25E-259F-4D4C-88F0-B2982815192D}.Ad-Hoc|Any CPU.ActiveCfg = Release|Any CPU
		{C570E25E-259F-4D4C-88F0-B2982815192D}.Ad-Hoc|Any CPU.Build.0 = Release|Any CPU
		{C570E25E-259F-4D4C-88F0-B2982815192D}.Ad-Hoc|ARM.ActiveCfg = Release|Any CPU
		{C570E25E-259F-4D4C-88F0-B2982815192D}.Ad-Hoc|ARM.Build.0 = Release|Any CPU
		{C570E25E-259F-4D4C-88F0-B2982815192D}.Ad-Hoc|iPhone.ActiveCfg = Release|Any CPU
		{C570E25E-259F-4D4C-88F0-B2982815192D}.Ad-Hoc|iPhone.Build.0 = Release|Any CPU
		{C570E25E-259F-4D4C-88F0-B2982815192D}.Ad-Hoc|iPhoneSimulator.ActiveCfg = Release|Any CPU
		{C570E25E-259F-4D4C-88F0-B2982815192D}.Ad-Hoc|iPhoneSimulator.Build.0 = Release|Any CPU
		{C570E25E-259F-4D4C-88F0-B2982815192D}.Ad-Hoc|x64.ActiveCfg = Release|Any CPU
		{C570E25E-259F-4D4C-88F0-B2982815192D}.Ad-Hoc|x64.Build.0 = Release|Any CPU
		{C570E25E-259F-4D4C-88F0-B2982815192D}.Ad-Hoc|x86.ActiveCfg = Release|Any CPU
		{C570E25E-259F-4D4C-88F0-B2982815192D}.Ad-Hoc|x86.Build.0 = Release|Any CPU
		{C570E25E-259F-4D4C-88F0-B2982815192D}.AppStore|Any CPU.ActiveCfg = Release|Any CPU
		{C570E25E-259F-4D4C-88F0-B2982815192D}.AppStore|Any CPU.Build.0 = Release|Any CPU
		{C570E25E-259F-4D4C-88F0-B2982815192D}.AppStore|ARM.ActiveCfg = Release|Any CPU
		{C570E25E-259F-4D4C-88F0-B2982815192D}.AppStore|ARM.Build.0 = Release|Any CPU
		{C570E25E-259F-4D4C-88F0-B2982815192D}.AppStore|iPhone.ActiveCfg = Release|Any CPU
		{C570E25E-259F-4D4C-88F0-B2982815192D}.AppStore|iPhone.Build.0 = Release|Any CPU
		{C570E25E-259F-4D4C-88F0-B2982815192D}.AppStore|iPhoneSimulator.ActiveCfg = Release|Any CPU
		{C570E25E-259F-4D4C-88F0-B2982815192D}.AppStore|iPhoneSimulator.Build.0 = Release|Any CPU
		{C570E25E-259F-4D4C-88F0-B2982815192D}.AppStore|x64.ActiveCfg = Release|Any CPU
		{C570E25E-259F-4D4C-88F0-B2982815192D}.AppStore|x64.Build.0 = Release|Any CPU
		{C570E25E-259F-4D4C-88F0-B2982815192D}.AppStore|x86.ActiveCfg = Release|Any CPU
		{C570E25E-259F-4D4C-88F0-B2982815192D}.AppStore|x86.Build.0 = Release|Any CPU
		{C570E25E-259F-4D4C-88F0-B2982815192D}.Debug|Any CPU.ActiveCfg = Debug|Any CPU
		{C570E25E-259F-4D4C-88F0-B2982815192D}.Debug|Any CPU.Build.0 = Debug|Any CPU
		{C570E25E-259F-4D4C-88F0-B2982815192D}.Debug|ARM.ActiveCfg = Debug|Any CPU
		{C570E25E-259F-4D4C-88F0-B2982815192D}.Debug|ARM.Build.0 = Debug|Any CPU
		{C570E25E-259F-4D4C-88F0-B2982815192D}.Debug|iPhone.ActiveCfg = Debug|Any CPU
		{C570E25E-259F-4D4C-88F0-B2982815192D}.Debug|iPhone.Build.0 = Debug|Any CPU
		{C570E25E-259F-4D4C-88F0-B2982815192D}.Debug|iPhoneSimulator.ActiveCfg = Debug|Any CPU
		{C570E25E-259F-4D4C-88F0-B2982815192D}.Debug|iPhoneSimulator.Build.0 = Debug|Any CPU
		{C570E25E-259F-4D4C-88F0-B2982815192D}.Debug|x64.ActiveCfg = Debug|Any CPU
		{C570E25E-259F-4D4C-88F0-B2982815192D}.Debug|x64.Build.0 = Debug|Any CPU
		{C570E25E-259F-4D4C-88F0-B2982815192D}.Debug|x86.ActiveCfg = Debug|Any CPU
		{C570E25E-259F-4D4C-88F0-B2982815192D}.Debug|x86.Build.0 = Debug|Any CPU
		{C570E25E-259F-4D4C-88F0-B2982815192D}.Release|Any CPU.ActiveCfg = Release|Any CPU
		{C570E25E-259F-4D4C-88F0-B2982815192D}.Release|Any CPU.Build.0 = Release|Any CPU
		{C570E25E-259F-4D4C-88F0-B2982815192D}.Release|ARM.ActiveCfg = Release|Any CPU
		{C570E25E-259F-4D4C-88F0-B2982815192D}.Release|ARM.Build.0 = Release|Any CPU
		{C570E25E-259F-4D4C-88F0-B2982815192D}.Release|iPhone.ActiveCfg = Release|Any CPU
		{C570E25E-259F-4D4C-88F0-B2982815192D}.Release|iPhone.Build.0 = Release|Any CPU
		{C570E25E-259F-4D4C-88F0-B2982815192D}.Release|iPhoneSimulator.ActiveCfg = Release|Any CPU
		{C570E25E-259F-4D4C-88F0-B2982815192D}.Release|iPhoneSimulator.Build.0 = Release|Any CPU
		{C570E25E-259F-4D4C-88F0-B2982815192D}.Release|x64.ActiveCfg = Release|Any CPU
		{C570E25E-259F-4D4C-88F0-B2982815192D}.Release|x64.Build.0 = Release|Any CPU
		{C570E25E-259F-4D4C-88F0-B2982815192D}.Release|x86.ActiveCfg = Release|Any CPU
		{C570E25E-259F-4D4C-88F0-B2982815192D}.Release|x86.Build.0 = Release|Any CPU
		{CCD0ED8A-828B-4AC0-A5F2-666A8D5BFE03}.Ad-Hoc|Any CPU.ActiveCfg = Release|Any CPU
		{CCD0ED8A-828B-4AC0-A5F2-666A8D5BFE03}.Ad-Hoc|Any CPU.Build.0 = Release|Any CPU
		{CCD0ED8A-828B-4AC0-A5F2-666A8D5BFE03}.Ad-Hoc|ARM.ActiveCfg = Release|Any CPU
		{CCD0ED8A-828B-4AC0-A5F2-666A8D5BFE03}.Ad-Hoc|ARM.Build.0 = Release|Any CPU
		{CCD0ED8A-828B-4AC0-A5F2-666A8D5BFE03}.Ad-Hoc|iPhone.ActiveCfg = Release|Any CPU
		{CCD0ED8A-828B-4AC0-A5F2-666A8D5BFE03}.Ad-Hoc|iPhone.Build.0 = Release|Any CPU
		{CCD0ED8A-828B-4AC0-A5F2-666A8D5BFE03}.Ad-Hoc|iPhoneSimulator.ActiveCfg = Release|Any CPU
		{CCD0ED8A-828B-4AC0-A5F2-666A8D5BFE03}.Ad-Hoc|iPhoneSimulator.Build.0 = Release|Any CPU
		{CCD0ED8A-828B-4AC0-A5F2-666A8D5BFE03}.Ad-Hoc|x64.ActiveCfg = Release|Any CPU
		{CCD0ED8A-828B-4AC0-A5F2-666A8D5BFE03}.Ad-Hoc|x64.Build.0 = Release|Any CPU
		{CCD0ED8A-828B-4AC0-A5F2-666A8D5BFE03}.Ad-Hoc|x86.ActiveCfg = Release|Any CPU
		{CCD0ED8A-828B-4AC0-A5F2-666A8D5BFE03}.Ad-Hoc|x86.Build.0 = Release|Any CPU
		{CCD0ED8A-828B-4AC0-A5F2-666A8D5BFE03}.AppStore|Any CPU.ActiveCfg = Release|Any CPU
		{CCD0ED8A-828B-4AC0-A5F2-666A8D5BFE03}.AppStore|Any CPU.Build.0 = Release|Any CPU
		{CCD0ED8A-828B-4AC0-A5F2-666A8D5BFE03}.AppStore|ARM.ActiveCfg = Release|Any CPU
		{CCD0ED8A-828B-4AC0-A5F2-666A8D5BFE03}.AppStore|ARM.Build.0 = Release|Any CPU
		{CCD0ED8A-828B-4AC0-A5F2-666A8D5BFE03}.AppStore|iPhone.ActiveCfg = Release|Any CPU
		{CCD0ED8A-828B-4AC0-A5F2-666A8D5BFE03}.AppStore|iPhone.Build.0 = Release|Any CPU
		{CCD0ED8A-828B-4AC0-A5F2-666A8D5BFE03}.AppStore|iPhoneSimulator.ActiveCfg = Release|Any CPU
		{CCD0ED8A-828B-4AC0-A5F2-666A8D5BFE03}.AppStore|iPhoneSimulator.Build.0 = Release|Any CPU
		{CCD0ED8A-828B-4AC0-A5F2-666A8D5BFE03}.AppStore|x64.ActiveCfg = Release|Any CPU
		{CCD0ED8A-828B-4AC0-A5F2-666A8D5BFE03}.AppStore|x64.Build.0 = Release|Any CPU
		{CCD0ED8A-828B-4AC0-A5F2-666A8D5BFE03}.AppStore|x86.ActiveCfg = Release|Any CPU
		{CCD0ED8A-828B-4AC0-A5F2-666A8D5BFE03}.AppStore|x86.Build.0 = Release|Any CPU
		{CCD0ED8A-828B-4AC0-A5F2-666A8D5BFE03}.Debug|Any CPU.ActiveCfg = Debug|Any CPU
		{CCD0ED8A-828B-4AC0-A5F2-666A8D5BFE03}.Debug|Any CPU.Build.0 = Debug|Any CPU
		{CCD0ED8A-828B-4AC0-A5F2-666A8D5BFE03}.Debug|ARM.ActiveCfg = Debug|Any CPU
		{CCD0ED8A-828B-4AC0-A5F2-666A8D5BFE03}.Debug|ARM.Build.0 = Debug|Any CPU
		{CCD0ED8A-828B-4AC0-A5F2-666A8D5BFE03}.Debug|iPhone.ActiveCfg = Debug|Any CPU
		{CCD0ED8A-828B-4AC0-A5F2-666A8D5BFE03}.Debug|iPhone.Build.0 = Debug|Any CPU
		{CCD0ED8A-828B-4AC0-A5F2-666A8D5BFE03}.Debug|iPhoneSimulator.ActiveCfg = Debug|Any CPU
		{CCD0ED8A-828B-4AC0-A5F2-666A8D5BFE03}.Debug|iPhoneSimulator.Build.0 = Debug|Any CPU
		{CCD0ED8A-828B-4AC0-A5F2-666A8D5BFE03}.Debug|x64.ActiveCfg = Debug|Any CPU
		{CCD0ED8A-828B-4AC0-A5F2-666A8D5BFE03}.Debug|x64.Build.0 = Debug|Any CPU
		{CCD0ED8A-828B-4AC0-A5F2-666A8D5BFE03}.Debug|x86.ActiveCfg = Debug|Any CPU
		{CCD0ED8A-828B-4AC0-A5F2-666A8D5BFE03}.Debug|x86.Build.0 = Debug|Any CPU
		{CCD0ED8A-828B-4AC0-A5F2-666A8D5BFE03}.Release|Any CPU.ActiveCfg = Release|Any CPU
		{CCD0ED8A-828B-4AC0-A5F2-666A8D5BFE03}.Release|Any CPU.Build.0 = Release|Any CPU
		{CCD0ED8A-828B-4AC0-A5F2-666A8D5BFE03}.Release|ARM.ActiveCfg = Release|Any CPU
		{CCD0ED8A-828B-4AC0-A5F2-666A8D5BFE03}.Release|ARM.Build.0 = Release|Any CPU
		{CCD0ED8A-828B-4AC0-A5F2-666A8D5BFE03}.Release|iPhone.ActiveCfg = Release|Any CPU
		{CCD0ED8A-828B-4AC0-A5F2-666A8D5BFE03}.Release|iPhone.Build.0 = Release|Any CPU
		{CCD0ED8A-828B-4AC0-A5F2-666A8D5BFE03}.Release|iPhoneSimulator.ActiveCfg = Release|Any CPU
		{CCD0ED8A-828B-4AC0-A5F2-666A8D5BFE03}.Release|iPhoneSimulator.Build.0 = Release|Any CPU
		{CCD0ED8A-828B-4AC0-A5F2-666A8D5BFE03}.Release|x64.ActiveCfg = Release|Any CPU
		{CCD0ED8A-828B-4AC0-A5F2-666A8D5BFE03}.Release|x64.Build.0 = Release|Any CPU
		{CCD0ED8A-828B-4AC0-A5F2-666A8D5BFE03}.Release|x86.ActiveCfg = Release|Any CPU
		{CCD0ED8A-828B-4AC0-A5F2-666A8D5BFE03}.Release|x86.Build.0 = Release|Any CPU
		{79036EB1-A7BE-45C4-97F2-061EEC984BEC}.Ad-Hoc|Any CPU.ActiveCfg = Release|Any CPU
		{79036EB1-A7BE-45C4-97F2-061EEC984BEC}.Ad-Hoc|Any CPU.Build.0 = Release|Any CPU
		{79036EB1-A7BE-45C4-97F2-061EEC984BEC}.Ad-Hoc|ARM.ActiveCfg = Release|Any CPU
		{79036EB1-A7BE-45C4-97F2-061EEC984BEC}.Ad-Hoc|ARM.Build.0 = Release|Any CPU
		{79036EB1-A7BE-45C4-97F2-061EEC984BEC}.Ad-Hoc|iPhone.ActiveCfg = Release|Any CPU
		{79036EB1-A7BE-45C4-97F2-061EEC984BEC}.Ad-Hoc|iPhone.Build.0 = Release|Any CPU
		{79036EB1-A7BE-45C4-97F2-061EEC984BEC}.Ad-Hoc|iPhoneSimulator.ActiveCfg = Release|Any CPU
		{79036EB1-A7BE-45C4-97F2-061EEC984BEC}.Ad-Hoc|iPhoneSimulator.Build.0 = Release|Any CPU
		{79036EB1-A7BE-45C4-97F2-061EEC984BEC}.Ad-Hoc|x64.ActiveCfg = Release|Any CPU
		{79036EB1-A7BE-45C4-97F2-061EEC984BEC}.Ad-Hoc|x64.Build.0 = Release|Any CPU
		{79036EB1-A7BE-45C4-97F2-061EEC984BEC}.Ad-Hoc|x86.ActiveCfg = Release|Any CPU
		{79036EB1-A7BE-45C4-97F2-061EEC984BEC}.Ad-Hoc|x86.Build.0 = Release|Any CPU
		{79036EB1-A7BE-45C4-97F2-061EEC984BEC}.AppStore|Any CPU.ActiveCfg = Release|Any CPU
		{79036EB1-A7BE-45C4-97F2-061EEC984BEC}.AppStore|Any CPU.Build.0 = Release|Any CPU
		{79036EB1-A7BE-45C4-97F2-061EEC984BEC}.AppStore|ARM.ActiveCfg = Release|Any CPU
		{79036EB1-A7BE-45C4-97F2-061EEC984BEC}.AppStore|ARM.Build.0 = Release|Any CPU
		{79036EB1-A7BE-45C4-97F2-061EEC984BEC}.AppStore|iPhone.ActiveCfg = Release|Any CPU
		{79036EB1-A7BE-45C4-97F2-061EEC984BEC}.AppStore|iPhone.Build.0 = Release|Any CPU
		{79036EB1-A7BE-45C4-97F2-061EEC984BEC}.AppStore|iPhoneSimulator.ActiveCfg = Release|Any CPU
		{79036EB1-A7BE-45C4-97F2-061EEC984BEC}.AppStore|iPhoneSimulator.Build.0 = Release|Any CPU
		{79036EB1-A7BE-45C4-97F2-061EEC984BEC}.AppStore|x64.ActiveCfg = Release|Any CPU
		{79036EB1-A7BE-45C4-97F2-061EEC984BEC}.AppStore|x64.Build.0 = Release|Any CPU
		{79036EB1-A7BE-45C4-97F2-061EEC984BEC}.AppStore|x86.ActiveCfg = Release|Any CPU
		{79036EB1-A7BE-45C4-97F2-061EEC984BEC}.AppStore|x86.Build.0 = Release|Any CPU
		{79036EB1-A7BE-45C4-97F2-061EEC984BEC}.Debug|Any CPU.ActiveCfg = Debug|Any CPU
		{79036EB1-A7BE-45C4-97F2-061EEC984BEC}.Debug|Any CPU.Build.0 = Debug|Any CPU
		{79036EB1-A7BE-45C4-97F2-061EEC984BEC}.Debug|ARM.ActiveCfg = Debug|Any CPU
		{79036EB1-A7BE-45C4-97F2-061EEC984BEC}.Debug|ARM.Build.0 = Debug|Any CPU
		{79036EB1-A7BE-45C4-97F2-061EEC984BEC}.Debug|iPhone.ActiveCfg = Debug|Any CPU
		{79036EB1-A7BE-45C4-97F2-061EEC984BEC}.Debug|iPhone.Build.0 = Debug|Any CPU
		{79036EB1-A7BE-45C4-97F2-061EEC984BEC}.Debug|iPhoneSimulator.ActiveCfg = Debug|Any CPU
		{79036EB1-A7BE-45C4-97F2-061EEC984BEC}.Debug|iPhoneSimulator.Build.0 = Debug|Any CPU
		{79036EB1-A7BE-45C4-97F2-061EEC984BEC}.Debug|x64.ActiveCfg = Debug|Any CPU
		{79036EB1-A7BE-45C4-97F2-061EEC984BEC}.Debug|x64.Build.0 = Debug|Any CPU
		{79036EB1-A7BE-45C4-97F2-061EEC984BEC}.Debug|x86.ActiveCfg = Debug|Any CPU
		{79036EB1-A7BE-45C4-97F2-061EEC984BEC}.Debug|x86.Build.0 = Debug|Any CPU
		{79036EB1-A7BE-45C4-97F2-061EEC984BEC}.Release|Any CPU.ActiveCfg = Release|Any CPU
		{79036EB1-A7BE-45C4-97F2-061EEC984BEC}.Release|Any CPU.Build.0 = Release|Any CPU
		{79036EB1-A7BE-45C4-97F2-061EEC984BEC}.Release|ARM.ActiveCfg = Release|Any CPU
		{79036EB1-A7BE-45C4-97F2-061EEC984BEC}.Release|ARM.Build.0 = Release|Any CPU
		{79036EB1-A7BE-45C4-97F2-061EEC984BEC}.Release|iPhone.ActiveCfg = Release|Any CPU
		{79036EB1-A7BE-45C4-97F2-061EEC984BEC}.Release|iPhone.Build.0 = Release|Any CPU
		{79036EB1-A7BE-45C4-97F2-061EEC984BEC}.Release|iPhoneSimulator.ActiveCfg = Release|Any CPU
		{79036EB1-A7BE-45C4-97F2-061EEC984BEC}.Release|iPhoneSimulator.Build.0 = Release|Any CPU
		{79036EB1-A7BE-45C4-97F2-061EEC984BEC}.Release|x64.ActiveCfg = Release|Any CPU
		{79036EB1-A7BE-45C4-97F2-061EEC984BEC}.Release|x64.Build.0 = Release|Any CPU
		{79036EB1-A7BE-45C4-97F2-061EEC984BEC}.Release|x86.ActiveCfg = Release|Any CPU
		{79036EB1-A7BE-45C4-97F2-061EEC984BEC}.Release|x86.Build.0 = Release|Any CPU
		{4C7DF981-3F54-40EB-82AD-7D54C443FCCC}.Ad-Hoc|Any CPU.ActiveCfg = Release|Any CPU
		{4C7DF981-3F54-40EB-82AD-7D54C443FCCC}.Ad-Hoc|Any CPU.Build.0 = Release|Any CPU
		{4C7DF981-3F54-40EB-82AD-7D54C443FCCC}.Ad-Hoc|Any CPU.Deploy.0 = Release|Any CPU
		{4C7DF981-3F54-40EB-82AD-7D54C443FCCC}.Ad-Hoc|ARM.ActiveCfg = Release|Any CPU
		{4C7DF981-3F54-40EB-82AD-7D54C443FCCC}.Ad-Hoc|ARM.Build.0 = Release|Any CPU
		{4C7DF981-3F54-40EB-82AD-7D54C443FCCC}.Ad-Hoc|ARM.Deploy.0 = Release|Any CPU
		{4C7DF981-3F54-40EB-82AD-7D54C443FCCC}.Ad-Hoc|iPhone.ActiveCfg = Release|Any CPU
		{4C7DF981-3F54-40EB-82AD-7D54C443FCCC}.Ad-Hoc|iPhone.Build.0 = Release|Any CPU
		{4C7DF981-3F54-40EB-82AD-7D54C443FCCC}.Ad-Hoc|iPhone.Deploy.0 = Release|Any CPU
		{4C7DF981-3F54-40EB-82AD-7D54C443FCCC}.Ad-Hoc|iPhoneSimulator.ActiveCfg = Release|Any CPU
		{4C7DF981-3F54-40EB-82AD-7D54C443FCCC}.Ad-Hoc|iPhoneSimulator.Build.0 = Release|Any CPU
		{4C7DF981-3F54-40EB-82AD-7D54C443FCCC}.Ad-Hoc|iPhoneSimulator.Deploy.0 = Release|Any CPU
		{4C7DF981-3F54-40EB-82AD-7D54C443FCCC}.Ad-Hoc|x64.ActiveCfg = Release|Any CPU
		{4C7DF981-3F54-40EB-82AD-7D54C443FCCC}.Ad-Hoc|x64.Build.0 = Release|Any CPU
		{4C7DF981-3F54-40EB-82AD-7D54C443FCCC}.Ad-Hoc|x64.Deploy.0 = Release|Any CPU
		{4C7DF981-3F54-40EB-82AD-7D54C443FCCC}.Ad-Hoc|x86.ActiveCfg = Release|Any CPU
		{4C7DF981-3F54-40EB-82AD-7D54C443FCCC}.Ad-Hoc|x86.Build.0 = Release|Any CPU
		{4C7DF981-3F54-40EB-82AD-7D54C443FCCC}.Ad-Hoc|x86.Deploy.0 = Release|Any CPU
		{4C7DF981-3F54-40EB-82AD-7D54C443FCCC}.AppStore|Any CPU.ActiveCfg = Release|Any CPU
		{4C7DF981-3F54-40EB-82AD-7D54C443FCCC}.AppStore|Any CPU.Build.0 = Release|Any CPU
		{4C7DF981-3F54-40EB-82AD-7D54C443FCCC}.AppStore|Any CPU.Deploy.0 = Release|Any CPU
		{4C7DF981-3F54-40EB-82AD-7D54C443FCCC}.AppStore|ARM.ActiveCfg = Release|Any CPU
		{4C7DF981-3F54-40EB-82AD-7D54C443FCCC}.AppStore|ARM.Build.0 = Release|Any CPU
		{4C7DF981-3F54-40EB-82AD-7D54C443FCCC}.AppStore|ARM.Deploy.0 = Release|Any CPU
		{4C7DF981-3F54-40EB-82AD-7D54C443FCCC}.AppStore|iPhone.ActiveCfg = Release|Any CPU
		{4C7DF981-3F54-40EB-82AD-7D54C443FCCC}.AppStore|iPhone.Build.0 = Release|Any CPU
		{4C7DF981-3F54-40EB-82AD-7D54C443FCCC}.AppStore|iPhone.Deploy.0 = Release|Any CPU
		{4C7DF981-3F54-40EB-82AD-7D54C443FCCC}.AppStore|iPhoneSimulator.ActiveCfg = Release|Any CPU
		{4C7DF981-3F54-40EB-82AD-7D54C443FCCC}.AppStore|iPhoneSimulator.Build.0 = Release|Any CPU
		{4C7DF981-3F54-40EB-82AD-7D54C443FCCC}.AppStore|iPhoneSimulator.Deploy.0 = Release|Any CPU
		{4C7DF981-3F54-40EB-82AD-7D54C443FCCC}.AppStore|x64.ActiveCfg = Release|Any CPU
		{4C7DF981-3F54-40EB-82AD-7D54C443FCCC}.AppStore|x64.Build.0 = Release|Any CPU
		{4C7DF981-3F54-40EB-82AD-7D54C443FCCC}.AppStore|x64.Deploy.0 = Release|Any CPU
		{4C7DF981-3F54-40EB-82AD-7D54C443FCCC}.AppStore|x86.ActiveCfg = Release|Any CPU
		{4C7DF981-3F54-40EB-82AD-7D54C443FCCC}.AppStore|x86.Build.0 = Release|Any CPU
		{4C7DF981-3F54-40EB-82AD-7D54C443FCCC}.AppStore|x86.Deploy.0 = Release|Any CPU
		{4C7DF981-3F54-40EB-82AD-7D54C443FCCC}.Debug|Any CPU.ActiveCfg = Debug|Any CPU
		{4C7DF981-3F54-40EB-82AD-7D54C443FCCC}.Debug|Any CPU.Build.0 = Debug|Any CPU
		{4C7DF981-3F54-40EB-82AD-7D54C443FCCC}.Debug|Any CPU.Deploy.0 = Debug|Any CPU
		{4C7DF981-3F54-40EB-82AD-7D54C443FCCC}.Debug|ARM.ActiveCfg = Debug|Any CPU
		{4C7DF981-3F54-40EB-82AD-7D54C443FCCC}.Debug|ARM.Build.0 = Debug|Any CPU
		{4C7DF981-3F54-40EB-82AD-7D54C443FCCC}.Debug|ARM.Deploy.0 = Debug|Any CPU
		{4C7DF981-3F54-40EB-82AD-7D54C443FCCC}.Debug|iPhone.ActiveCfg = Debug|Any CPU
		{4C7DF981-3F54-40EB-82AD-7D54C443FCCC}.Debug|iPhone.Build.0 = Debug|Any CPU
		{4C7DF981-3F54-40EB-82AD-7D54C443FCCC}.Debug|iPhone.Deploy.0 = Debug|Any CPU
		{4C7DF981-3F54-40EB-82AD-7D54C443FCCC}.Debug|iPhoneSimulator.ActiveCfg = Debug|Any CPU
		{4C7DF981-3F54-40EB-82AD-7D54C443FCCC}.Debug|iPhoneSimulator.Build.0 = Debug|Any CPU
		{4C7DF981-3F54-40EB-82AD-7D54C443FCCC}.Debug|iPhoneSimulator.Deploy.0 = Debug|Any CPU
		{4C7DF981-3F54-40EB-82AD-7D54C443FCCC}.Debug|x64.ActiveCfg = Debug|Any CPU
		{4C7DF981-3F54-40EB-82AD-7D54C443FCCC}.Debug|x64.Build.0 = Debug|Any CPU
		{4C7DF981-3F54-40EB-82AD-7D54C443FCCC}.Debug|x64.Deploy.0 = Debug|Any CPU
		{4C7DF981-3F54-40EB-82AD-7D54C443FCCC}.Debug|x86.ActiveCfg = Debug|Any CPU
		{4C7DF981-3F54-40EB-82AD-7D54C443FCCC}.Debug|x86.Build.0 = Debug|Any CPU
		{4C7DF981-3F54-40EB-82AD-7D54C443FCCC}.Debug|x86.Deploy.0 = Debug|Any CPU
		{4C7DF981-3F54-40EB-82AD-7D54C443FCCC}.Release|Any CPU.ActiveCfg = Release|Any CPU
		{4C7DF981-3F54-40EB-82AD-7D54C443FCCC}.Release|Any CPU.Build.0 = Release|Any CPU
		{4C7DF981-3F54-40EB-82AD-7D54C443FCCC}.Release|Any CPU.Deploy.0 = Release|Any CPU
		{4C7DF981-3F54-40EB-82AD-7D54C443FCCC}.Release|ARM.ActiveCfg = Release|Any CPU
		{4C7DF981-3F54-40EB-82AD-7D54C443FCCC}.Release|ARM.Build.0 = Release|Any CPU
		{4C7DF981-3F54-40EB-82AD-7D54C443FCCC}.Release|ARM.Deploy.0 = Release|Any CPU
		{4C7DF981-3F54-40EB-82AD-7D54C443FCCC}.Release|iPhone.ActiveCfg = Release|Any CPU
		{4C7DF981-3F54-40EB-82AD-7D54C443FCCC}.Release|iPhone.Build.0 = Release|Any CPU
		{4C7DF981-3F54-40EB-82AD-7D54C443FCCC}.Release|iPhone.Deploy.0 = Release|Any CPU
		{4C7DF981-3F54-40EB-82AD-7D54C443FCCC}.Release|iPhoneSimulator.ActiveCfg = Release|Any CPU
		{4C7DF981-3F54-40EB-82AD-7D54C443FCCC}.Release|iPhoneSimulator.Build.0 = Release|Any CPU
		{4C7DF981-3F54-40EB-82AD-7D54C443FCCC}.Release|iPhoneSimulator.Deploy.0 = Release|Any CPU
		{4C7DF981-3F54-40EB-82AD-7D54C443FCCC}.Release|x64.ActiveCfg = Release|Any CPU
		{4C7DF981-3F54-40EB-82AD-7D54C443FCCC}.Release|x64.Build.0 = Release|Any CPU
		{4C7DF981-3F54-40EB-82AD-7D54C443FCCC}.Release|x64.Deploy.0 = Release|Any CPU
		{4C7DF981-3F54-40EB-82AD-7D54C443FCCC}.Release|x86.ActiveCfg = Release|Any CPU
		{4C7DF981-3F54-40EB-82AD-7D54C443FCCC}.Release|x86.Build.0 = Release|Any CPU
		{4C7DF981-3F54-40EB-82AD-7D54C443FCCC}.Release|x86.Deploy.0 = Release|Any CPU
		{096CE273-B696-42E5-8770-E06FBE982235}.Ad-Hoc|Any CPU.ActiveCfg = Ad-Hoc|iPhone
		{096CE273-B696-42E5-8770-E06FBE982235}.Ad-Hoc|ARM.ActiveCfg = Ad-Hoc|iPhone
		{096CE273-B696-42E5-8770-E06FBE982235}.Ad-Hoc|iPhone.ActiveCfg = Ad-Hoc|iPhone
		{096CE273-B696-42E5-8770-E06FBE982235}.Ad-Hoc|iPhone.Build.0 = Ad-Hoc|iPhone
		{096CE273-B696-42E5-8770-E06FBE982235}.Ad-Hoc|iPhoneSimulator.ActiveCfg = Ad-Hoc|iPhoneSimulator
		{096CE273-B696-42E5-8770-E06FBE982235}.Ad-Hoc|iPhoneSimulator.Build.0 = Ad-Hoc|iPhoneSimulator
		{096CE273-B696-42E5-8770-E06FBE982235}.Ad-Hoc|x64.ActiveCfg = Ad-Hoc|iPhone
		{096CE273-B696-42E5-8770-E06FBE982235}.Ad-Hoc|x86.ActiveCfg = Ad-Hoc|iPhone
		{096CE273-B696-42E5-8770-E06FBE982235}.AppStore|Any CPU.ActiveCfg = AppStore|iPhone
		{096CE273-B696-42E5-8770-E06FBE982235}.AppStore|ARM.ActiveCfg = AppStore|iPhone
		{096CE273-B696-42E5-8770-E06FBE982235}.AppStore|iPhone.ActiveCfg = AppStore|iPhone
		{096CE273-B696-42E5-8770-E06FBE982235}.AppStore|iPhone.Build.0 = AppStore|iPhone
		{096CE273-B696-42E5-8770-E06FBE982235}.AppStore|iPhoneSimulator.ActiveCfg = AppStore|iPhoneSimulator
		{096CE273-B696-42E5-8770-E06FBE982235}.AppStore|iPhoneSimulator.Build.0 = AppStore|iPhoneSimulator
		{096CE273-B696-42E5-8770-E06FBE982235}.AppStore|x64.ActiveCfg = AppStore|iPhone
		{096CE273-B696-42E5-8770-E06FBE982235}.AppStore|x86.ActiveCfg = AppStore|iPhone
		{096CE273-B696-42E5-8770-E06FBE982235}.Debug|Any CPU.ActiveCfg = Debug|iPhone
		{096CE273-B696-42E5-8770-E06FBE982235}.Debug|ARM.ActiveCfg = Debug|iPhone
		{096CE273-B696-42E5-8770-E06FBE982235}.Debug|iPhone.ActiveCfg = Debug|iPhone
		{096CE273-B696-42E5-8770-E06FBE982235}.Debug|iPhone.Build.0 = Debug|iPhone
		{096CE273-B696-42E5-8770-E06FBE982235}.Debug|iPhoneSimulator.ActiveCfg = Debug|iPhoneSimulator
		{096CE273-B696-42E5-8770-E06FBE982235}.Debug|iPhoneSimulator.Build.0 = Debug|iPhoneSimulator
		{096CE273-B696-42E5-8770-E06FBE982235}.Debug|x64.ActiveCfg = Debug|iPhone
		{096CE273-B696-42E5-8770-E06FBE982235}.Debug|x86.ActiveCfg = Debug|iPhone
		{096CE273-B696-42E5-8770-E06FBE982235}.Release|Any CPU.ActiveCfg = Release|iPhone
		{096CE273-B696-42E5-8770-E06FBE982235}.Release|ARM.ActiveCfg = Release|iPhone
		{096CE273-B696-42E5-8770-E06FBE982235}.Release|iPhone.ActiveCfg = Release|iPhone
		{096CE273-B696-42E5-8770-E06FBE982235}.Release|iPhone.Build.0 = Release|iPhone
		{096CE273-B696-42E5-8770-E06FBE982235}.Release|iPhoneSimulator.ActiveCfg = Release|iPhoneSimulator
		{096CE273-B696-42E5-8770-E06FBE982235}.Release|iPhoneSimulator.Build.0 = Release|iPhoneSimulator
		{096CE273-B696-42E5-8770-E06FBE982235}.Release|x64.ActiveCfg = Release|iPhone
		{096CE273-B696-42E5-8770-E06FBE982235}.Release|x86.ActiveCfg = Release|iPhone
		{EBD6A824-A56E-4F33-B352-B4E72D711B00}.Ad-Hoc|Any CPU.ActiveCfg = Release|x86
		{EBD6A824-A56E-4F33-B352-B4E72D711B00}.Ad-Hoc|Any CPU.Build.0 = Release|x86
		{EBD6A824-A56E-4F33-B352-B4E72D711B00}.Ad-Hoc|Any CPU.Deploy.0 = Release|x86
		{EBD6A824-A56E-4F33-B352-B4E72D711B00}.Ad-Hoc|ARM.ActiveCfg = Release|ARM
		{EBD6A824-A56E-4F33-B352-B4E72D711B00}.Ad-Hoc|ARM.Build.0 = Release|ARM
		{EBD6A824-A56E-4F33-B352-B4E72D711B00}.Ad-Hoc|ARM.Deploy.0 = Release|ARM
		{EBD6A824-A56E-4F33-B352-B4E72D711B00}.Ad-Hoc|iPhone.ActiveCfg = Release|x86
		{EBD6A824-A56E-4F33-B352-B4E72D711B00}.Ad-Hoc|iPhone.Build.0 = Release|x86
		{EBD6A824-A56E-4F33-B352-B4E72D711B00}.Ad-Hoc|iPhone.Deploy.0 = Release|x86
		{EBD6A824-A56E-4F33-B352-B4E72D711B00}.Ad-Hoc|iPhoneSimulator.ActiveCfg = Release|x86
		{EBD6A824-A56E-4F33-B352-B4E72D711B00}.Ad-Hoc|iPhoneSimulator.Build.0 = Release|x86
		{EBD6A824-A56E-4F33-B352-B4E72D711B00}.Ad-Hoc|iPhoneSimulator.Deploy.0 = Release|x86
		{EBD6A824-A56E-4F33-B352-B4E72D711B00}.Ad-Hoc|x64.ActiveCfg = Release|x64
		{EBD6A824-A56E-4F33-B352-B4E72D711B00}.Ad-Hoc|x64.Build.0 = Release|x64
		{EBD6A824-A56E-4F33-B352-B4E72D711B00}.Ad-Hoc|x64.Deploy.0 = Release|x64
		{EBD6A824-A56E-4F33-B352-B4E72D711B00}.Ad-Hoc|x86.ActiveCfg = Release|x86
		{EBD6A824-A56E-4F33-B352-B4E72D711B00}.Ad-Hoc|x86.Build.0 = Release|x86
		{EBD6A824-A56E-4F33-B352-B4E72D711B00}.Ad-Hoc|x86.Deploy.0 = Release|x86
		{EBD6A824-A56E-4F33-B352-B4E72D711B00}.AppStore|Any CPU.ActiveCfg = Release|x86
		{EBD6A824-A56E-4F33-B352-B4E72D711B00}.AppStore|Any CPU.Build.0 = Release|x86
		{EBD6A824-A56E-4F33-B352-B4E72D711B00}.AppStore|Any CPU.Deploy.0 = Release|x86
		{EBD6A824-A56E-4F33-B352-B4E72D711B00}.AppStore|ARM.ActiveCfg = Release|ARM
		{EBD6A824-A56E-4F33-B352-B4E72D711B00}.AppStore|ARM.Build.0 = Release|ARM
		{EBD6A824-A56E-4F33-B352-B4E72D711B00}.AppStore|ARM.Deploy.0 = Release|ARM
		{EBD6A824-A56E-4F33-B352-B4E72D711B00}.AppStore|iPhone.ActiveCfg = Release|x86
		{EBD6A824-A56E-4F33-B352-B4E72D711B00}.AppStore|iPhone.Build.0 = Release|x86
		{EBD6A824-A56E-4F33-B352-B4E72D711B00}.AppStore|iPhone.Deploy.0 = Release|x86
		{EBD6A824-A56E-4F33-B352-B4E72D711B00}.AppStore|iPhoneSimulator.ActiveCfg = Release|x86
		{EBD6A824-A56E-4F33-B352-B4E72D711B00}.AppStore|iPhoneSimulator.Build.0 = Release|x86
		{EBD6A824-A56E-4F33-B352-B4E72D711B00}.AppStore|iPhoneSimulator.Deploy.0 = Release|x86
		{EBD6A824-A56E-4F33-B352-B4E72D711B00}.AppStore|x64.ActiveCfg = Release|x64
		{EBD6A824-A56E-4F33-B352-B4E72D711B00}.AppStore|x64.Build.0 = Release|x64
		{EBD6A824-A56E-4F33-B352-B4E72D711B00}.AppStore|x64.Deploy.0 = Release|x64
		{EBD6A824-A56E-4F33-B352-B4E72D711B00}.AppStore|x86.ActiveCfg = Release|x86
		{EBD6A824-A56E-4F33-B352-B4E72D711B00}.AppStore|x86.Build.0 = Release|x86
		{EBD6A824-A56E-4F33-B352-B4E72D711B00}.AppStore|x86.Deploy.0 = Release|x86
		{EBD6A824-A56E-4F33-B352-B4E72D711B00}.Debug|Any CPU.ActiveCfg = Debug|x86
		{EBD6A824-A56E-4F33-B352-B4E72D711B00}.Debug|ARM.ActiveCfg = Debug|ARM
		{EBD6A824-A56E-4F33-B352-B4E72D711B00}.Debug|ARM.Build.0 = Debug|ARM
		{EBD6A824-A56E-4F33-B352-B4E72D711B00}.Debug|ARM.Deploy.0 = Debug|ARM
		{EBD6A824-A56E-4F33-B352-B4E72D711B00}.Debug|iPhone.ActiveCfg = Debug|x86
		{EBD6A824-A56E-4F33-B352-B4E72D711B00}.Debug|iPhoneSimulator.ActiveCfg = Debug|x86
		{EBD6A824-A56E-4F33-B352-B4E72D711B00}.Debug|x64.ActiveCfg = Debug|x64
		{EBD6A824-A56E-4F33-B352-B4E72D711B00}.Debug|x64.Build.0 = Debug|x64
		{EBD6A824-A56E-4F33-B352-B4E72D711B00}.Debug|x64.Deploy.0 = Debug|x64
		{EBD6A824-A56E-4F33-B352-B4E72D711B00}.Debug|x86.ActiveCfg = Debug|x86
		{EBD6A824-A56E-4F33-B352-B4E72D711B00}.Debug|x86.Build.0 = Debug|x86
		{EBD6A824-A56E-4F33-B352-B4E72D711B00}.Debug|x86.Deploy.0 = Debug|x86
		{EBD6A824-A56E-4F33-B352-B4E72D711B00}.Release|Any CPU.ActiveCfg = Release|x86
		{EBD6A824-A56E-4F33-B352-B4E72D711B00}.Release|ARM.ActiveCfg = Release|ARM
		{EBD6A824-A56E-4F33-B352-B4E72D711B00}.Release|ARM.Build.0 = Release|ARM
		{EBD6A824-A56E-4F33-B352-B4E72D711B00}.Release|ARM.Deploy.0 = Release|ARM
		{EBD6A824-A56E-4F33-B352-B4E72D711B00}.Release|iPhone.ActiveCfg = Release|x86
		{EBD6A824-A56E-4F33-B352-B4E72D711B00}.Release|iPhoneSimulator.ActiveCfg = Release|x86
		{EBD6A824-A56E-4F33-B352-B4E72D711B00}.Release|x64.ActiveCfg = Release|x64
		{EBD6A824-A56E-4F33-B352-B4E72D711B00}.Release|x64.Build.0 = Release|x64
		{EBD6A824-A56E-4F33-B352-B4E72D711B00}.Release|x64.Deploy.0 = Release|x64
		{EBD6A824-A56E-4F33-B352-B4E72D711B00}.Release|x86.ActiveCfg = Release|x86
		{EBD6A824-A56E-4F33-B352-B4E72D711B00}.Release|x86.Build.0 = Release|x86
		{EBD6A824-A56E-4F33-B352-B4E72D711B00}.Release|x86.Deploy.0 = Release|x86
		{6D4D9135-F225-4626-A9CE-32BDF97AEA89}.Ad-Hoc|Any CPU.ActiveCfg = Debug|Any CPU
		{6D4D9135-F225-4626-A9CE-32BDF97AEA89}.Ad-Hoc|Any CPU.Build.0 = Debug|Any CPU
		{6D4D9135-F225-4626-A9CE-32BDF97AEA89}.Ad-Hoc|ARM.ActiveCfg = Debug|Any CPU
		{6D4D9135-F225-4626-A9CE-32BDF97AEA89}.Ad-Hoc|ARM.Build.0 = Debug|Any CPU
		{6D4D9135-F225-4626-A9CE-32BDF97AEA89}.Ad-Hoc|iPhone.ActiveCfg = Debug|Any CPU
		{6D4D9135-F225-4626-A9CE-32BDF97AEA89}.Ad-Hoc|iPhone.Build.0 = Debug|Any CPU
		{6D4D9135-F225-4626-A9CE-32BDF97AEA89}.Ad-Hoc|iPhoneSimulator.ActiveCfg = Debug|Any CPU
		{6D4D9135-F225-4626-A9CE-32BDF97AEA89}.Ad-Hoc|iPhoneSimulator.Build.0 = Debug|Any CPU
		{6D4D9135-F225-4626-A9CE-32BDF97AEA89}.Ad-Hoc|x64.ActiveCfg = Debug|Any CPU
		{6D4D9135-F225-4626-A9CE-32BDF97AEA89}.Ad-Hoc|x64.Build.0 = Debug|Any CPU
		{6D4D9135-F225-4626-A9CE-32BDF97AEA89}.Ad-Hoc|x86.ActiveCfg = Debug|Any CPU
		{6D4D9135-F225-4626-A9CE-32BDF97AEA89}.Ad-Hoc|x86.Build.0 = Debug|Any CPU
		{6D4D9135-F225-4626-A9CE-32BDF97AEA89}.AppStore|Any CPU.ActiveCfg = Debug|Any CPU
		{6D4D9135-F225-4626-A9CE-32BDF97AEA89}.AppStore|Any CPU.Build.0 = Debug|Any CPU
		{6D4D9135-F225-4626-A9CE-32BDF97AEA89}.AppStore|ARM.ActiveCfg = Debug|Any CPU
		{6D4D9135-F225-4626-A9CE-32BDF97AEA89}.AppStore|ARM.Build.0 = Debug|Any CPU
		{6D4D9135-F225-4626-A9CE-32BDF97AEA89}.AppStore|iPhone.ActiveCfg = Debug|Any CPU
		{6D4D9135-F225-4626-A9CE-32BDF97AEA89}.AppStore|iPhone.Build.0 = Debug|Any CPU
		{6D4D9135-F225-4626-A9CE-32BDF97AEA89}.AppStore|iPhoneSimulator.ActiveCfg = Debug|Any CPU
		{6D4D9135-F225-4626-A9CE-32BDF97AEA89}.AppStore|iPhoneSimulator.Build.0 = Debug|Any CPU
		{6D4D9135-F225-4626-A9CE-32BDF97AEA89}.AppStore|x64.ActiveCfg = Debug|Any CPU
		{6D4D9135-F225-4626-A9CE-32BDF97AEA89}.AppStore|x64.Build.0 = Debug|Any CPU
		{6D4D9135-F225-4626-A9CE-32BDF97AEA89}.AppStore|x86.ActiveCfg = Debug|Any CPU
		{6D4D9135-F225-4626-A9CE-32BDF97AEA89}.AppStore|x86.Build.0 = Debug|Any CPU
		{6D4D9135-F225-4626-A9CE-32BDF97AEA89}.Debug|Any CPU.ActiveCfg = Debug|Any CPU
		{6D4D9135-F225-4626-A9CE-32BDF97AEA89}.Debug|Any CPU.Build.0 = Debug|Any CPU
		{6D4D9135-F225-4626-A9CE-32BDF97AEA89}.Debug|ARM.ActiveCfg = Debug|Any CPU
		{6D4D9135-F225-4626-A9CE-32BDF97AEA89}.Debug|ARM.Build.0 = Debug|Any CPU
		{6D4D9135-F225-4626-A9CE-32BDF97AEA89}.Debug|iPhone.ActiveCfg = Debug|Any CPU
		{6D4D9135-F225-4626-A9CE-32BDF97AEA89}.Debug|iPhone.Build.0 = Debug|Any CPU
		{6D4D9135-F225-4626-A9CE-32BDF97AEA89}.Debug|iPhoneSimulator.ActiveCfg = Debug|Any CPU
		{6D4D9135-F225-4626-A9CE-32BDF97AEA89}.Debug|iPhoneSimulator.Build.0 = Debug|Any CPU
		{6D4D9135-F225-4626-A9CE-32BDF97AEA89}.Debug|x64.ActiveCfg = Debug|Any CPU
		{6D4D9135-F225-4626-A9CE-32BDF97AEA89}.Debug|x64.Build.0 = Debug|Any CPU
		{6D4D9135-F225-4626-A9CE-32BDF97AEA89}.Debug|x86.ActiveCfg = Debug|Any CPU
		{6D4D9135-F225-4626-A9CE-32BDF97AEA89}.Debug|x86.Build.0 = Debug|Any CPU
		{6D4D9135-F225-4626-A9CE-32BDF97AEA89}.Release|Any CPU.ActiveCfg = Release|Any CPU
		{6D4D9135-F225-4626-A9CE-32BDF97AEA89}.Release|Any CPU.Build.0 = Release|Any CPU
		{6D4D9135-F225-4626-A9CE-32BDF97AEA89}.Release|ARM.ActiveCfg = Release|Any CPU
		{6D4D9135-F225-4626-A9CE-32BDF97AEA89}.Release|ARM.Build.0 = Release|Any CPU
		{6D4D9135-F225-4626-A9CE-32BDF97AEA89}.Release|iPhone.ActiveCfg = Release|Any CPU
		{6D4D9135-F225-4626-A9CE-32BDF97AEA89}.Release|iPhone.Build.0 = Release|Any CPU
		{6D4D9135-F225-4626-A9CE-32BDF97AEA89}.Release|iPhoneSimulator.ActiveCfg = Release|Any CPU
		{6D4D9135-F225-4626-A9CE-32BDF97AEA89}.Release|iPhoneSimulator.Build.0 = Release|Any CPU
		{6D4D9135-F225-4626-A9CE-32BDF97AEA89}.Release|x64.ActiveCfg = Release|Any CPU
		{6D4D9135-F225-4626-A9CE-32BDF97AEA89}.Release|x64.Build.0 = Release|Any CPU
		{6D4D9135-F225-4626-A9CE-32BDF97AEA89}.Release|x86.ActiveCfg = Release|Any CPU
		{6D4D9135-F225-4626-A9CE-32BDF97AEA89}.Release|x86.Build.0 = Release|Any CPU
	EndGlobalSection
	GlobalSection(SolutionProperties) = preSolution
		HideSolutionNode = FALSE
	EndGlobalSection
	GlobalSection(NestedProjects) = preSolution
		{4C7DF981-3F54-40EB-82AD-7D54C443FCCC} = {5124C265-C6EF-4415-9497-0EF227E43095}
		{096CE273-B696-42E5-8770-E06FBE982235} = {5124C265-C6EF-4415-9497-0EF227E43095}
		{EBD6A824-A56E-4F33-B352-B4E72D711B00} = {5124C265-C6EF-4415-9497-0EF227E43095}
		{6D4D9135-F225-4626-A9CE-32BDF97AEA89} = {5124C265-C6EF-4415-9497-0EF227E43095}
	EndGlobalSection
	GlobalSection(ExtensibilityGlobals) = postSolution
		SolutionGuid = {42D18242-8BA9-4238-9D59-10850E1C2C24}
	EndGlobalSection
EndGlobal
