
Microsoft Visual Studio Solution File, Format Version 12.00
# Visual Studio Version 16
VisualStudioVersion = 16.0.29209.62
MinimumVisualStudioVersion = 10.0.40219.1
Project("{2150E333-8FDC-42A3-9474-1A3956D46DE8}") = "Solution Items", "Solution Items", "{3236B15E-C644-4FAA-8568-55E39CCE6D2F}"
	ProjectSection(SolutionItems) = preProject
		..\.editorconfig = ..\.editorconfig
		..\CHANGELOG.md = ..\CHANGELOG.md
		..\README.md = ..\README.md
		..\nuget\readme.txt = ..\nuget\readme.txt
	EndProjectSection
EndProject
Project("{FAE04EC0-301F-11D3-BF4B-00C04F79EFBC}") = "Plugin.InAppBilling", "Plugin.InAppBilling\Plugin.InAppBilling.csproj", "{C570E25E-259F-4D4C-88F0-B2982815192D}"
EndProject
Project("{2150E333-8FDC-42A3-9474-1A3956D46DE8}") = "Docs", "Docs", "{6A41C44D-4B82-4039-B2AC-07D668168569}"
	ProjectSection(SolutionItems) = preProject
		..\docs\Architecture.md = ..\docs\Architecture.md
		..\docs\CheckAndRestorePurchases.md = ..\docs\CheckAndRestorePurchases.md
		..\docs\GetProductDetails.md = ..\docs\GetProductDetails.md
		..\docs\GettingStarted.md = ..\docs\GettingStarted.md
		..\docs\HandlingExceptions.md = ..\docs\HandlingExceptions.md
		..\docs\PurchaseConsumable.md = ..\docs\PurchaseConsumable.md
		..\docs\PurchaseNonConsumable.md = ..\docs\PurchaseNonConsumable.md
		..\docs\PurchaseSubscription.md = ..\docs\PurchaseSubscription.md
		..\docs\README.md = ..\docs\README.md
		..\docs\SecuringPurchases.md = ..\docs\SecuringPurchases.md
		..\docs\TestingAndTroubleshooting.md = ..\docs\TestingAndTroubleshooting.md
	EndProjectSection
EndProject
Project("{2150E333-8FDC-42A3-9474-1A3956D46DE8}") = "Tests", "Tests", "{5124C265-C6EF-4415-9497-0EF227E43095}"
EndProject
Project("{FAE04EC0-301F-11D3-BF4B-00C04F79EFBC}") = "InAppBillingTests.Android", "InAppBillingTests\InAppBillingTests.Android\InAppBillingTests.Android.csproj", "{4C7DF981-3F54-40EB-82AD-7D54C443FCCC}"
EndProject
Project("{FAE04EC0-301F-11D3-BF4B-00C04F79EFBC}") = "InAppBillingTests.iOS", "InAppBillingTests\InAppBillingTests.iOS\InAppBillingTests.iOS.csproj", "{096CE273-B696-42E5-8770-E06FBE982235}"
EndProject
Project("{FAE04EC0-301F-11D3-BF4B-00C04F79EFBC}") = "InAppBillingTests.UWP", "InAppBillingTests\InAppBillingTests.UWP\InAppBillingTests.UWP.csproj", "{EBD6A824-A56E-4F33-B352-B4E72D711B00}"
EndProject
Project("{9A19103F-16F7-4668-BE54-9A1E7A4F7556}") = "InAppBillingTests", "InAppBillingTests\InAppBillingTests\InAppBillingTests.csproj", "{6D4D9135-F225-4626-A9CE-32BDF97AEA89}"
EndProject
Project("{FAE04EC0-301F-11D3-BF4B-00C04F79EFBC}") = "InAppBillingTests.Mac", "InAppBillingTests\InAppBillingTests.Mac\InAppBillingTests.Mac.csproj", "{04BF1C8C-EACA-466D-80D8-C2B9012A37F1}"
EndProject
Global
	GlobalSection(SolutionConfigurationPlatforms) = preSolution
		Ad-Hoc|Any CPU = Ad-Hoc|Any CPU
		Ad-Hoc|ARM = Ad-Hoc|ARM
		Ad-Hoc|iPhone = Ad-Hoc|iPhone
		Ad-Hoc|iPhoneSimulator = Ad-Hoc|iPhoneSimulator
		Ad-Hoc|x64 = Ad-Hoc|x64
		Ad-Hoc|x86 = Ad-Hoc|x86
		AppStore|Any CPU = AppStore|Any CPU
		AppStore|ARM = AppStore|ARM
		AppStore|iPhone = AppStore|iPhone
		AppStore|iPhoneSimulator = AppStore|iPhoneSimulator
		AppStore|x64 = AppStore|x64
		AppStore|x86 = AppStore|x86
		Debug|Any CPU = Debug|Any CPU
		Debug|ARM = Debug|ARM
		Debug|iPhone = Debug|iPhone
		Debug|iPhoneSimulator = Debug|iPhoneSimulator
		Debug|x64 = Debug|x64
		Debug|x86 = Debug|x86
		Release|Any CPU = Release|Any CPU
		Release|ARM = Release|ARM
		Release|iPhone = Release|iPhone
		Release|iPhoneSimulator = Release|iPhoneSimulator
		Release|x64 = Release|x64
		Release|x86 = Release|x86
	EndGlobalSection
	GlobalSection(ProjectConfigurationPlatforms) = postSolution
		{C570E25E-259F-4D4C-88F0-B2982815192D}.Ad-Hoc|Any CPU.ActiveCfg = Release|Any CPU
		{C570E25E-259F-4D4C-88F0-B2982815192D}.Ad-Hoc|Any CPU.Build.0 = Release|Any CPU
		{C570E25E-259F-4D4C-88F0-B2982815192D}.Ad-Hoc|ARM.ActiveCfg = Release|Any CPU
		{C570E25E-259F-4D4C-88F0-B2982815192D}.Ad-Hoc|ARM.Build.0 = Release|Any CPU
		{C570E25E-259F-4D4C-88F0-B2982815192D}.Ad-Hoc|iPhone.ActiveCfg = Release|Any CPU
		{C570E25E-259F-4D4C-88F0-B2982815192D}.Ad-Hoc|iPhone.Build.0 = Release|Any CPU
		{C570E25E-259F-4D4C-88F0-B2982815192D}.Ad-Hoc|iPhoneSimulator.ActiveCfg = Release|Any CPU
		{C570E25E-259F-4D4C-88F0-B2982815192D}.Ad-Hoc|iPhoneSimulator.Build.0 = Release|Any CPU
		{C570E25E-259F-4D4C-88F0-B2982815192D}.Ad-Hoc|x64.ActiveCfg = Release|Any CPU
		{C570E25E-259F-4D4C-88F0-B2982815192D}.Ad-Hoc|x64.Build.0 = Release|Any CPU
		{C570E25E-259F-4D4C-88F0-B2982815192D}.Ad-Hoc|x86.ActiveCfg = Release|Any CPU
		{C570E25E-259F-4D4C-88F0-B2982815192D}.Ad-Hoc|x86.Build.0 = Release|Any CPU
		{C570E25E-259F-4D4C-88F0-B2982815192D}.AppStore|Any CPU.ActiveCfg = Release|Any CPU
		{C570E25E-259F-4D4C-88F0-B2982815192D}.AppStore|Any CPU.Build.0 = Release|Any CPU
		{C570E25E-259F-4D4C-88F0-B2982815192D}.AppStore|ARM.ActiveCfg = Release|Any CPU
		{C570E25E-259F-4D4C-88F0-B2982815192D}.AppStore|ARM.Build.0 = Release|Any CPU
		{C570E25E-259F-4D4C-88F0-B2982815192D}.AppStore|iPhone.ActiveCfg = Release|Any CPU
		{C570E25E-259F-4D4C-88F0-B2982815192D}.AppStore|iPhone.Build.0 = Release|Any CPU
		{C570E25E-259F-4D4C-88F0-B2982815192D}.AppStore|iPhoneSimulator.ActiveCfg = Release|Any CPU
		{C570E25E-259F-4D4C-88F0-B2982815192D}.AppStore|iPhoneSimulator.Build.0 = Release|Any CPU
		{C570E25E-259F-4D4C-88F0-B2982815192D}.AppStore|x64.ActiveCfg = Release|Any CPU
		{C570E25E-259F-4D4C-88F0-B2982815192D}.AppStore|x64.Build.0 = Release|Any CPU
		{C570E25E-259F-4D4C-88F0-B2982815192D}.AppStore|x86.ActiveCfg = Release|Any CPU
		{C570E25E-259F-4D4C-88F0-B2982815192D}.AppStore|x86.Build.0 = Release|Any CPU
		{C570E25E-259F-4D4C-88F0-B2982815192D}.Debug|Any CPU.ActiveCfg = Debug|Any CPU
		{C570E25E-259F-4D4C-88F0-B2982815192D}.Debug|Any CPU.Build.0 = Debug|Any CPU
		{C570E25E-259F-4D4C-88F0-B2982815192D}.Debug|ARM.ActiveCfg = Debug|Any CPU
		{C570E25E-259F-4D4C-88F0-B2982815192D}.Debug|ARM.Build.0 = Debug|Any CPU
		{C570E25E-259F-4D4C-88F0-B2982815192D}.Debug|iPhone.ActiveCfg = Debug|Any CPU
		{C570E25E-259F-4D4C-88F0-B2982815192D}.Debug|iPhone.Build.0 = Debug|Any CPU
		{C570E25E-259F-4D4C-88F0-B2982815192D}.Debug|iPhoneSimulator.ActiveCfg = Debug|Any CPU
		{C570E25E-259F-4D4C-88F0-B2982815192D}.Debug|iPhoneSimulator.Build.0 = Debug|Any CPU
		{C570E25E-259F-4D4C-88F0-B2982815192D}.Debug|x64.ActiveCfg = Debug|Any CPU
		{C570E25E-259F-4D4C-88F0-B2982815192D}.Debug|x64.Build.0 = Debug|Any CPU
		{C570E25E-259F-4D4C-88F0-B2982815192D}.Debug|x86.ActiveCfg = Debug|Any CPU
		{C570E25E-259F-4D4C-88F0-B2982815192D}.Debug|x86.Build.0 = Debug|Any CPU
		{C570E25E-259F-4D4C-88F0-B2982815192D}.Release|Any CPU.ActiveCfg = Release|Any CPU
		{C570E25E-259F-4D4C-88F0-B2982815192D}.Release|Any CPU.Build.0 = Release|Any CPU
		{C570E25E-259F-4D4C-88F0-B2982815192D}.Release|ARM.ActiveCfg = Release|Any CPU
		{C570E25E-259F-4D4C-88F0-B2982815192D}.Release|ARM.Build.0 = Release|Any CPU
		{C570E25E-259F-4D4C-88F0-B2982815192D}.Release|iPhone.ActiveCfg = Release|Any CPU
		{C570E25E-259F-4D4C-88F0-B2982815192D}.Release|iPhone.Build.0 = Release|Any CPU
		{C570E25E-259F-4D4C-88F0-B2982815192D}.Release|iPhoneSimulator.ActiveCfg = Release|Any CPU
		{C570E25E-259F-4D4C-88F0-B2982815192D}.Release|iPhoneSimulator.Build.0 = Release|Any CPU
		{C570E25E-259F-4D4C-88F0-B2982815192D}.Release|x64.ActiveCfg = Release|Any CPU
		{C570E25E-259F-4D4C-88F0-B2982815192D}.Release|x64.Build.0 = Release|Any CPU
		{C570E25E-259F-4D4C-88F0-B2982815192D}.Release|x86.ActiveCfg = Release|Any CPU
		{C570E25E-259F-4D4C-88F0-B2982815192D}.Release|x86.Build.0 = Release|Any CPU
		{4C7DF981-3F54-40EB-82AD-7D54C443FCCC}.Ad-Hoc|Any CPU.ActiveCfg = Release|Any CPU
		{4C7DF981-3F54-40EB-82AD-7D54C443FCCC}.Ad-Hoc|Any CPU.Build.0 = Release|Any CPU
		{4C7DF981-3F54-40EB-82AD-7D54C443FCCC}.Ad-Hoc|Any CPU.Deploy.0 = Release|Any CPU
		{4C7DF981-3F54-40EB-82AD-7D54C443FCCC}.Ad-Hoc|ARM.ActiveCfg = Release|Any CPU
		{4C7DF981-3F54-40EB-82AD-7D54C443FCCC}.Ad-Hoc|ARM.Build.0 = Release|Any CPU
		{4C7DF981-3F54-40EB-82AD-7D54C443FCCC}.Ad-Hoc|ARM.Deploy.0 = Release|Any CPU
		{4C7DF981-3F54-40EB-82AD-7D54C443FCCC}.Ad-Hoc|iPhone.ActiveCfg = Release|Any CPU
		{4C7DF981-3F54-40EB-82AD-7D54C443FCCC}.Ad-Hoc|iPhone.Build.0 = Release|Any CPU
		{4C7DF981-3F54-40EB-82AD-7D54C443FCCC}.Ad-Hoc|iPhone.Deploy.0 = Release|Any CPU
		{4C7DF981-3F54-40EB-82AD-7D54C443FCCC}.Ad-Hoc|iPhoneSimulator.ActiveCfg = Release|Any CPU
		{4C7DF981-3F54-40EB-82AD-7D54C443FCCC}.Ad-Hoc|iPhoneSimulator.Build.0 = Release|Any CPU
		{4C7DF981-3F54-40EB-82AD-7D54C443FCCC}.Ad-Hoc|iPhoneSimulator.Deploy.0 = Release|Any CPU
		{4C7DF981-3F54-40EB-82AD-7D54C443FCCC}.Ad-Hoc|x64.ActiveCfg = Release|Any CPU
		{4C7DF981-3F54-40EB-82AD-7D54C443FCCC}.Ad-Hoc|x64.Build.0 = Release|Any CPU
		{4C7DF981-3F54-40EB-82AD-7D54C443FCCC}.Ad-Hoc|x64.Deploy.0 = Release|Any CPU
		{4C7DF981-3F54-40EB-82AD-7D54C443FCCC}.Ad-Hoc|x86.ActiveCfg = Release|Any CPU
		{4C7DF981-3F54-40EB-82AD-7D54C443FCCC}.Ad-Hoc|x86.Build.0 = Release|Any CPU
		{4C7DF981-3F54-40EB-82AD-7D54C443FCCC}.Ad-Hoc|x86.Deploy.0 = Release|Any CPU
		{4C7DF981-3F54-40EB-82AD-7D54C443FCCC}.AppStore|Any CPU.ActiveCfg = Release|Any CPU
		{4C7DF981-3F54-40EB-82AD-7D54C443FCCC}.AppStore|Any CPU.Build.0 = Release|Any CPU
		{4C7DF981-3F54-40EB-82AD-7D54C443FCCC}.AppStore|Any CPU.Deploy.0 = Release|Any CPU
		{4C7DF981-3F54-40EB-82AD-7D54C443FCCC}.AppStore|ARM.ActiveCfg = Release|Any CPU
		{4C7DF981-3F54-40EB-82AD-7D54C443FCCC}.AppStore|ARM.Build.0 = Release|Any CPU
		{4C7DF981-3F54-40EB-82AD-7D54C443FCCC}.AppStore|ARM.Deploy.0 = Release|Any CPU
		{4C7DF981-3F54-40EB-82AD-7D54C443FCCC}.AppStore|iPhone.ActiveCfg = Release|Any CPU
		{4C7DF981-3F54-40EB-82AD-7D54C443FCCC}.AppStore|iPhone.Build.0 = Release|Any CPU
		{4C7DF981-3F54-40EB-82AD-7D54C443FCCC}.AppStore|iPhone.Deploy.0 = Release|Any CPU
		{4C7DF981-3F54-40EB-82AD-7D54C443FCCC}.AppStore|iPhoneSimulator.ActiveCfg = Release|Any CPU
		{4C7DF981-3F54-40EB-82AD-7D54C443FCCC}.AppStore|iPhoneSimulator.Build.0 = Release|Any CPU
		{4C7DF981-3F54-40EB-82AD-7D54C443FCCC}.AppStore|iPhoneSimulator.Deploy.0 = Release|Any CPU
		{4C7DF981-3F54-40EB-82AD-7D54C443FCCC}.AppStore|x64.ActiveCfg = Release|Any CPU
		{4C7DF981-3F54-40EB-82AD-7D54C443FCCC}.AppStore|x64.Build.0 = Release|Any CPU
		{4C7DF981-3F54-40EB-82AD-7D54C443FCCC}.AppStore|x64.Deploy.0 = Release|Any CPU
		{4C7DF981-3F54-40EB-82AD-7D54C443FCCC}.AppStore|x86.ActiveCfg = Release|Any CPU
		{4C7DF981-3F54-40EB-82AD-7D54C443FCCC}.AppStore|x86.Build.0 = Release|Any CPU
		{4C7DF981-3F54-40EB-82AD-7D54C443FCCC}.AppStore|x86.Deploy.0 = Release|Any CPU
		{4C7DF981-3F54-40EB-82AD-7D54C443FCCC}.Debug|Any CPU.ActiveCfg = Debug|Any CPU
		{4C7DF981-3F54-40EB-82AD-7D54C443FCCC}.Debug|Any CPU.Build.0 = Debug|Any CPU
		{4C7DF981-3F54-40EB-82AD-7D54C443FCCC}.Debug|Any CPU.Deploy.0 = Debug|Any CPU
		{4C7DF981-3F54-40EB-82AD-7D54C443FCCC}.Debug|ARM.ActiveCfg = Debug|Any CPU
		{4C7DF981-3F54-40EB-82AD-7D54C443FCCC}.Debug|ARM.Build.0 = Debug|Any CPU
		{4C7DF981-3F54-40EB-82AD-7D54C443FCCC}.Debug|ARM.Deploy.0 = Debug|Any CPU
		{4C7DF981-3F54-40EB-82AD-7D54C443FCCC}.Debug|iPhone.ActiveCfg = Debug|Any CPU
		{4C7DF981-3F54-40EB-82AD-7D54C443FCCC}.Debug|iPhone.Build.0 = Debug|Any CPU
		{4C7DF981-3F54-40EB-82AD-7D54C443FCCC}.Debug|iPhone.Deploy.0 = Debug|Any CPU
		{4C7DF981-3F54-40EB-82AD-7D54C443FCCC}.Debug|iPhoneSimulator.ActiveCfg = Debug|Any CPU
		{4C7DF981-3F54-40EB-82AD-7D54C443FCCC}.Debug|iPhoneSimulator.Build.0 = Debug|Any CPU
		{4C7DF981-3F54-40EB-82AD-7D54C443FCCC}.Debug|iPhoneSimulator.Deploy.0 = Debug|Any CPU
		{4C7DF981-3F54-40EB-82AD-7D54C443FCCC}.Debug|x64.ActiveCfg = Debug|Any CPU
		{4C7DF981-3F54-40EB-82AD-7D54C443FCCC}.Debug|x64.Build.0 = Debug|Any CPU
		{4C7DF981-3F54-40EB-82AD-7D54C443FCCC}.Debug|x64.Deploy.0 = Debug|Any CPU
		{4C7DF981-3F54-40EB-82AD-7D54C443FCCC}.Debug|x86.ActiveCfg = Debug|Any CPU
		{4C7DF981-3F54-40EB-82AD-7D54C443FCCC}.Debug|x86.Build.0 = Debug|Any CPU
		{4C7DF981-3F54-40EB-82AD-7D54C443FCCC}.Debug|x86.Deploy.0 = Debug|Any CPU
		{4C7DF981-3F54-40EB-82AD-7D54C443FCCC}.Release|Any CPU.ActiveCfg = Release|Any CPU
		{4C7DF981-3F54-40EB-82AD-7D54C443FCCC}.Release|Any CPU.Build.0 = Release|Any CPU
		{4C7DF981-3F54-40EB-82AD-7D54C443FCCC}.Release|Any CPU.Deploy.0 = Release|Any CPU
		{4C7DF981-3F54-40EB-82AD-7D54C443FCCC}.Release|ARM.ActiveCfg = Release|Any CPU
		{4C7DF981-3F54-40EB-82AD-7D54C443FCCC}.Release|ARM.Build.0 = Release|Any CPU
		{4C7DF981-3F54-40EB-82AD-7D54C443FCCC}.Release|ARM.Deploy.0 = Release|Any CPU
		{4C7DF981-3F54-40EB-82AD-7D54C443FCCC}.Release|iPhone.ActiveCfg = Release|Any CPU
		{4C7DF981-3F54-40EB-82AD-7D54C443FCCC}.Release|iPhone.Build.0 = Release|Any CPU
		{4C7DF981-3F54-40EB-82AD-7D54C443FCCC}.Release|iPhone.Deploy.0 = Release|Any CPU
		{4C7DF981-3F54-40EB-82AD-7D54C443FCCC}.Release|iPhoneSimulator.ActiveCfg = Release|Any CPU
		{4C7DF981-3F54-40EB-82AD-7D54C443FCCC}.Release|iPhoneSimulator.Build.0 = Release|Any CPU
		{4C7DF981-3F54-40EB-82AD-7D54C443FCCC}.Release|iPhoneSimulator.Deploy.0 = Release|Any CPU
		{4C7DF981-3F54-40EB-82AD-7D54C443FCCC}.Release|x64.ActiveCfg = Release|Any CPU
		{4C7DF981-3F54-40EB-82AD-7D54C443FCCC}.Release|x64.Build.0 = Release|Any CPU
		{4C7DF981-3F54-40EB-82AD-7D54C443FCCC}.Release|x64.Deploy.0 = Release|Any CPU
		{4C7DF981-3F54-40EB-82AD-7D54C443FCCC}.Release|x86.ActiveCfg = Release|Any CPU
		{4C7DF981-3F54-40EB-82AD-7D54C443FCCC}.Release|x86.Build.0 = Release|Any CPU
		{4C7DF981-3F54-40EB-82AD-7D54C443FCCC}.Release|x86.Deploy.0 = Release|Any CPU
		{096CE273-B696-42E5-8770-E06FBE982235}.Ad-Hoc|Any CPU.ActiveCfg = Ad-Hoc|iPhone
		{096CE273-B696-42E5-8770-E06FBE982235}.Ad-Hoc|ARM.ActiveCfg = Ad-Hoc|iPhone
		{096CE273-B696-42E5-8770-E06FBE982235}.Ad-Hoc|iPhone.ActiveCfg = Ad-Hoc|iPhone
		{096CE273-B696-42E5-8770-E06FBE982235}.Ad-Hoc|iPhone.Build.0 = Ad-Hoc|iPhone
		{096CE273-B696-42E5-8770-E06FBE982235}.Ad-Hoc|iPhoneSimulator.ActiveCfg = Ad-Hoc|iPhoneSimulator
		{096CE273-B696-42E5-8770-E06FBE982235}.Ad-Hoc|iPhoneSimulator.Build.0 = Ad-Hoc|iPhoneSimulator
		{096CE273-B696-42E5-8770-E06FBE982235}.Ad-Hoc|x64.ActiveCfg = Ad-Hoc|iPhone
		{096CE273-B696-42E5-8770-E06FBE982235}.Ad-Hoc|x86.ActiveCfg = Ad-Hoc|iPhone
		{096CE273-B696-42E5-8770-E06FBE982235}.AppStore|Any CPU.ActiveCfg = AppStore|iPhone
		{096CE273-B696-42E5-8770-E06FBE982235}.AppStore|ARM.ActiveCfg = AppStore|iPhone
		{096CE273-B696-42E5-8770-E06FBE982235}.AppStore|iPhone.ActiveCfg = AppStore|iPhone
		{096CE273-B696-42E5-8770-E06FBE982235}.AppStore|iPhone.Build.0 = AppStore|iPhone
		{096CE273-B696-42E5-8770-E06FBE982235}.AppStore|iPhoneSimulator.ActiveCfg = AppStore|iPhoneSimulator
		{096CE273-B696-42E5-8770-E06FBE982235}.AppStore|iPhoneSimulator.Build.0 = AppStore|iPhoneSimulator
		{096CE273-B696-42E5-8770-E06FBE982235}.AppStore|x64.ActiveCfg = AppStore|iPhone
		{096CE273-B696-42E5-8770-E06FBE982235}.AppStore|x86.ActiveCfg = AppStore|iPhone
		{096CE273-B696-42E5-8770-E06FBE982235}.Debug|Any CPU.ActiveCfg = Debug|iPhone
		{096CE273-B696-42E5-8770-E06FBE982235}.Debug|ARM.ActiveCfg = Debug|iPhone
		{096CE273-B696-42E5-8770-E06FBE982235}.Debug|iPhone.ActiveCfg = Debug|iPhone
		{096CE273-B696-42E5-8770-E06FBE982235}.Debug|iPhone.Build.0 = Debug|iPhone
		{096CE273-B696-42E5-8770-E06FBE982235}.Debug|iPhoneSimulator.ActiveCfg = Debug|iPhoneSimulator
		{096CE273-B696-42E5-8770-E06FBE982235}.Debug|iPhoneSimulator.Build.0 = Debug|iPhoneSimulator
		{096CE273-B696-42E5-8770-E06FBE982235}.Debug|x64.ActiveCfg = Debug|iPhone
		{096CE273-B696-42E5-8770-E06FBE982235}.Debug|x86.ActiveCfg = Debug|iPhone
		{096CE273-B696-42E5-8770-E06FBE982235}.Release|Any CPU.ActiveCfg = Release|iPhone
		{096CE273-B696-42E5-8770-E06FBE982235}.Release|ARM.ActiveCfg = Release|iPhone
		{096CE273-B696-42E5-8770-E06FBE982235}.Release|iPhone.ActiveCfg = Release|iPhone
		{096CE273-B696-42E5-8770-E06FBE982235}.Release|iPhone.Build.0 = Release|iPhone
		{096CE273-B696-42E5-8770-E06FBE982235}.Release|iPhoneSimulator.ActiveCfg = Release|iPhoneSimulator
		{096CE273-B696-42E5-8770-E06FBE982235}.Release|iPhoneSimulator.Build.0 = Release|iPhoneSimulator
		{096CE273-B696-42E5-8770-E06FBE982235}.Release|x64.ActiveCfg = Release|iPhone
		{096CE273-B696-42E5-8770-E06FBE982235}.Release|x86.ActiveCfg = Release|iPhone
		{EBD6A824-A56E-4F33-B352-B4E72D711B00}.Ad-Hoc|Any CPU.ActiveCfg = Release|x86
		{EBD6A824-A56E-4F33-B352-B4E72D711B00}.Ad-Hoc|Any CPU.Build.0 = Release|x86
		{EBD6A824-A56E-4F33-B352-B4E72D711B00}.Ad-Hoc|Any CPU.Deploy.0 = Release|x86
		{EBD6A824-A56E-4F33-B352-B4E72D711B00}.Ad-Hoc|ARM.ActiveCfg = Release|ARM
		{EBD6A824-A56E-4F33-B352-B4E72D711B00}.Ad-Hoc|ARM.Build.0 = Release|ARM
		{EBD6A824-A56E-4F33-B352-B4E72D711B00}.Ad-Hoc|ARM.Deploy.0 = Release|ARM
		{EBD6A824-A56E-4F33-B352-B4E72D711B00}.Ad-Hoc|iPhone.ActiveCfg = Release|x86
		{EBD6A824-A56E-4F33-B352-B4E72D711B00}.Ad-Hoc|iPhone.Build.0 = Release|x86
		{EBD6A824-A56E-4F33-B352-B4E72D711B00}.Ad-Hoc|iPhone.Deploy.0 = Release|x86
		{EBD6A824-A56E-4F33-B352-B4E72D711B00}.Ad-Hoc|iPhoneSimulator.ActiveCfg = Release|x86
		{EBD6A824-A56E-4F33-B352-B4E72D711B00}.Ad-Hoc|iPhoneSimulator.Build.0 = Release|x86
		{EBD6A824-A56E-4F33-B352-B4E72D711B00}.Ad-Hoc|iPhoneSimulator.Deploy.0 = Release|x86
		{EBD6A824-A56E-4F33-B352-B4E72D711B00}.Ad-Hoc|x64.ActiveCfg = Release|x64
		{EBD6A824-A56E-4F33-B352-B4E72D711B00}.Ad-Hoc|x64.Build.0 = Release|x64
		{EBD6A824-A56E-4F33-B352-B4E72D711B00}.Ad-Hoc|x64.Deploy.0 = Release|x64
		{EBD6A824-A56E-4F33-B352-B4E72D711B00}.Ad-Hoc|x86.ActiveCfg = Release|x86
		{EBD6A824-A56E-4F33-B352-B4E72D711B00}.Ad-Hoc|x86.Build.0 = Release|x86
		{EBD6A824-A56E-4F33-B352-B4E72D711B00}.Ad-Hoc|x86.Deploy.0 = Release|x86
		{EBD6A824-A56E-4F33-B352-B4E72D711B00}.AppStore|Any CPU.ActiveCfg = Release|x86
		{EBD6A824-A56E-4F33-B352-B4E72D711B00}.AppStore|Any CPU.Build.0 = Release|x86
		{EBD6A824-A56E-4F33-B352-B4E72D711B00}.AppStore|Any CPU.Deploy.0 = Release|x86
		{EBD6A824-A56E-4F33-B352-B4E72D711B00}.AppStore|ARM.ActiveCfg = Release|ARM
		{EBD6A824-A56E-4F33-B352-B4E72D711B00}.AppStore|ARM.Build.0 = Release|ARM
		{EBD6A824-A56E-4F33-B352-B4E72D711B00}.AppStore|ARM.Deploy.0 = Release|ARM
		{EBD6A824-A56E-4F33-B352-B4E72D711B00}.AppStore|iPhone.ActiveCfg = Release|x86
		{EBD6A824-A56E-4F33-B352-B4E72D711B00}.AppStore|iPhone.Build.0 = Release|x86
		{EBD6A824-A56E-4F33-B352-B4E72D711B00}.AppStore|iPhone.Deploy.0 = Release|x86
		{EBD6A824-A56E-4F33-B352-B4E72D711B00}.AppStore|iPhoneSimulator.ActiveCfg = Release|x86
		{EBD6A824-A56E-4F33-B352-B4E72D711B00}.AppStore|iPhoneSimulator.Build.0 = Release|x86
		{EBD6A824-A56E-4F33-B352-B4E72D711B00}.AppStore|iPhoneSimulator.Deploy.0 = Release|x86
		{EBD6A824-A56E-4F33-B352-B4E72D711B00}.AppStore|x64.ActiveCfg = Release|x64
		{EBD6A824-A56E-4F33-B352-B4E72D711B00}.AppStore|x64.Build.0 = Release|x64
		{EBD6A824-A56E-4F33-B352-B4E72D711B00}.AppStore|x64.Deploy.0 = Release|x64
		{EBD6A824-A56E-4F33-B352-B4E72D711B00}.AppStore|x86.ActiveCfg = Release|x86
		{EBD6A824-A56E-4F33-B352-B4E72D711B00}.AppStore|x86.Build.0 = Release|x86
		{EBD6A824-A56E-4F33-B352-B4E72D711B00}.AppStore|x86.Deploy.0 = Release|x86
		{EBD6A824-A56E-4F33-B352-B4E72D711B00}.Debug|Any CPU.ActiveCfg = Debug|x86
		{EBD6A824-A56E-4F33-B352-B4E72D711B00}.Debug|Any CPU.Build.0 = Debug|x86
		{EBD6A824-A56E-4F33-B352-B4E72D711B00}.Debug|Any CPU.Deploy.0 = Debug|x86
		{EBD6A824-A56E-4F33-B352-B4E72D711B00}.Debug|ARM.ActiveCfg = Debug|ARM
		{EBD6A824-A56E-4F33-B352-B4E72D711B00}.Debug|ARM.Build.0 = Debug|ARM
		{EBD6A824-A56E-4F33-B352-B4E72D711B00}.Debug|ARM.Deploy.0 = Debug|ARM
		{EBD6A824-A56E-4F33-B352-B4E72D711B00}.Debug|iPhone.ActiveCfg = Debug|x86
		{EBD6A824-A56E-4F33-B352-B4E72D711B00}.Debug|iPhoneSimulator.ActiveCfg = Debug|x86
		{EBD6A824-A56E-4F33-B352-B4E72D711B00}.Debug|x64.ActiveCfg = Debug|x64
		{EBD6A824-A56E-4F33-B352-B4E72D711B00}.Debug|x64.Build.0 = Debug|x64
		{EBD6A824-A56E-4F33-B352-B4E72D711B00}.Debug|x64.Deploy.0 = Debug|x64
		{EBD6A824-A56E-4F33-B352-B4E72D711B00}.Debug|x86.ActiveCfg = Debug|x86
		{EBD6A824-A56E-4F33-B352-B4E72D711B00}.Debug|x86.Build.0 = Debug|x86
		{EBD6A824-A56E-4F33-B352-B4E72D711B00}.Debug|x86.Deploy.0 = Debug|x86
		{EBD6A824-A56E-4F33-B352-B4E72D711B00}.Release|Any CPU.ActiveCfg = Release|x86
		{EBD6A824-A56E-4F33-B352-B4E72D711B00}.Release|ARM.ActiveCfg = Release|ARM
		{EBD6A824-A56E-4F33-B352-B4E72D711B00}.Release|ARM.Build.0 = Release|ARM
		{EBD6A824-A56E-4F33-B352-B4E72D711B00}.Release|ARM.Deploy.0 = Release|ARM
		{EBD6A824-A56E-4F33-B352-B4E72D711B00}.Release|iPhone.ActiveCfg = Release|x86
		{EBD6A824-A56E-4F33-B352-B4E72D711B00}.Release|iPhoneSimulator.ActiveCfg = Release|x86
		{EBD6A824-A56E-4F33-B352-B4E72D711B00}.Release|x64.ActiveCfg = Release|x64
		{EBD6A824-A56E-4F33-B352-B4E72D711B00}.Release|x64.Build.0 = Release|x64
		{EBD6A824-A56E-4F33-B352-B4E72D711B00}.Release|x64.Deploy.0 = Release|x64
		{EBD6A824-A56E-4F33-B352-B4E72D711B00}.Release|x86.ActiveCfg = Release|x86
		{EBD6A824-A56E-4F33-B352-B4E72D711B00}.Release|x86.Build.0 = Release|x86
		{EBD6A824-A56E-4F33-B352-B4E72D711B00}.Release|x86.Deploy.0 = Release|x86
		{6D4D9135-F225-4626-A9CE-32BDF97AEA89}.Ad-Hoc|Any CPU.ActiveCfg = Debug|Any CPU
		{6D4D9135-F225-4626-A9CE-32BDF97AEA89}.Ad-Hoc|Any CPU.Build.0 = Debug|Any CPU
		{6D4D9135-F225-4626-A9CE-32BDF97AEA89}.Ad-Hoc|ARM.ActiveCfg = Debug|Any CPU
		{6D4D9135-F225-4626-A9CE-32BDF97AEA89}.Ad-Hoc|ARM.Build.0 = Debug|Any CPU
		{6D4D9135-F225-4626-A9CE-32BDF97AEA89}.Ad-Hoc|iPhone.ActiveCfg = Debug|Any CPU
		{6D4D9135-F225-4626-A9CE-32BDF97AEA89}.Ad-Hoc|iPhone.Build.0 = Debug|Any CPU
		{6D4D9135-F225-4626-A9CE-32BDF97AEA89}.Ad-Hoc|iPhoneSimulator.ActiveCfg = Debug|Any CPU
		{6D4D9135-F225-4626-A9CE-32BDF97AEA89}.Ad-Hoc|iPhoneSimulator.Build.0 = Debug|Any CPU
		{6D4D9135-F225-4626-A9CE-32BDF97AEA89}.Ad-Hoc|x64.ActiveCfg = Debug|Any CPU
		{6D4D9135-F225-4626-A9CE-32BDF97AEA89}.Ad-Hoc|x64.Build.0 = Debug|Any CPU
		{6D4D9135-F225-4626-A9CE-32BDF97AEA89}.Ad-Hoc|x86.ActiveCfg = Debug|Any CPU
		{6D4D9135-F225-4626-A9CE-32BDF97AEA89}.Ad-Hoc|x86.Build.0 = Debug|Any CPU
		{6D4D9135-F225-4626-A9CE-32BDF97AEA89}.AppStore|Any CPU.ActiveCfg = Debug|Any CPU
		{6D4D9135-F225-4626-A9CE-32BDF97AEA89}.AppStore|Any CPU.Build.0 = Debug|Any CPU
		{6D4D9135-F225-4626-A9CE-32BDF97AEA89}.AppStore|ARM.ActiveCfg = Debug|Any CPU
		{6D4D9135-F225-4626-A9CE-32BDF97AEA89}.AppStore|ARM.Build.0 = Debug|Any CPU
		{6D4D9135-F225-4626-A9CE-32BDF97AEA89}.AppStore|iPhone.ActiveCfg = Debug|Any CPU
		{6D4D9135-F225-4626-A9CE-32BDF97AEA89}.AppStore|iPhone.Build.0 = Debug|Any CPU
		{6D4D9135-F225-4626-A9CE-32BDF97AEA89}.AppStore|iPhoneSimulator.ActiveCfg = Debug|Any CPU
		{6D4D9135-F225-4626-A9CE-32BDF97AEA89}.AppStore|iPhoneSimulator.Build.0 = Debug|Any CPU
		{6D4D9135-F225-4626-A9CE-32BDF97AEA89}.AppStore|x64.ActiveCfg = Debug|Any CPU
		{6D4D9135-F225-4626-A9CE-32BDF97AEA89}.AppStore|x64.Build.0 = Debug|Any CPU
		{6D4D9135-F225-4626-A9CE-32BDF97AEA89}.AppStore|x86.ActiveCfg = Debug|Any CPU
		{6D4D9135-F225-4626-A9CE-32BDF97AEA89}.AppStore|x86.Build.0 = Debug|Any CPU
		{6D4D9135-F225-4626-A9CE-32BDF97AEA89}.Debug|Any CPU.ActiveCfg = Debug|Any CPU
		{6D4D9135-F225-4626-A9CE-32BDF97AEA89}.Debug|Any CPU.Build.0 = Debug|Any CPU
		{6D4D9135-F225-4626-A9CE-32BDF97AEA89}.Debug|ARM.ActiveCfg = Debug|Any CPU
		{6D4D9135-F225-4626-A9CE-32BDF97AEA89}.Debug|ARM.Build.0 = Debug|Any CPU
		{6D4D9135-F225-4626-A9CE-32BDF97AEA89}.Debug|iPhone.ActiveCfg = Debug|Any CPU
		{6D4D9135-F225-4626-A9CE-32BDF97AEA89}.Debug|iPhone.Build.0 = Debug|Any CPU
		{6D4D9135-F225-4626-A9CE-32BDF97AEA89}.Debug|iPhoneSimulator.ActiveCfg = Debug|Any CPU
		{6D4D9135-F225-4626-A9CE-32BDF97AEA89}.Debug|iPhoneSimulator.Build.0 = Debug|Any CPU
		{6D4D9135-F225-4626-A9CE-32BDF97AEA89}.Debug|x64.ActiveCfg = Debug|Any CPU
		{6D4D9135-F225-4626-A9CE-32BDF97AEA89}.Debug|x64.Build.0 = Debug|Any CPU
		{6D4D9135-F225-4626-A9CE-32BDF97AEA89}.Debug|x86.ActiveCfg = Debug|Any CPU
		{6D4D9135-F225-4626-A9CE-32BDF97AEA89}.Debug|x86.Build.0 = Debug|Any CPU
		{6D4D9135-F225-4626-A9CE-32BDF97AEA89}.Release|Any CPU.ActiveCfg = Release|Any CPU
		{6D4D9135-F225-4626-A9CE-32BDF97AEA89}.Release|Any CPU.Build.0 = Release|Any CPU
		{6D4D9135-F225-4626-A9CE-32BDF97AEA89}.Release|ARM.ActiveCfg = Release|Any CPU
		{6D4D9135-F225-4626-A9CE-32BDF97AEA89}.Release|ARM.Build.0 = Release|Any CPU
		{6D4D9135-F225-4626-A9CE-32BDF97AEA89}.Release|iPhone.ActiveCfg = Release|Any CPU
		{6D4D9135-F225-4626-A9CE-32BDF97AEA89}.Release|iPhone.Build.0 = Release|Any CPU
		{6D4D9135-F225-4626-A9CE-32BDF97AEA89}.Release|iPhoneSimulator.ActiveCfg = Release|Any CPU
		{6D4D9135-F225-4626-A9CE-32BDF97AEA89}.Release|iPhoneSimulator.Build.0 = Release|Any CPU
		{6D4D9135-F225-4626-A9CE-32BDF97AEA89}.Release|x64.ActiveCfg = Release|Any CPU
		{6D4D9135-F225-4626-A9CE-32BDF97AEA89}.Release|x64.Build.0 = Release|Any CPU
		{6D4D9135-F225-4626-A9CE-32BDF97AEA89}.Release|x86.ActiveCfg = Release|Any CPU
		{6D4D9135-F225-4626-A9CE-32BDF97AEA89}.Release|x86.Build.0 = Release|Any CPU
		{04BF1C8C-EACA-466D-80D8-C2B9012A37F1}.Ad-Hoc|Any CPU.ActiveCfg = Release|Any CPU
		{04BF1C8C-EACA-466D-80D8-C2B9012A37F1}.Ad-Hoc|Any CPU.Build.0 = Release|Any CPU
		{04BF1C8C-EACA-466D-80D8-C2B9012A37F1}.Ad-Hoc|ARM.ActiveCfg = Release|Any CPU
		{04BF1C8C-EACA-466D-80D8-C2B9012A37F1}.Ad-Hoc|ARM.Build.0 = Release|Any CPU
		{04BF1C8C-EACA-466D-80D8-C2B9012A37F1}.Ad-Hoc|iPhone.ActiveCfg = Release|Any CPU
		{04BF1C8C-EACA-466D-80D8-C2B9012A37F1}.Ad-Hoc|iPhone.Build.0 = Release|Any CPU
		{04BF1C8C-EACA-466D-80D8-C2B9012A37F1}.Ad-Hoc|iPhoneSimulator.ActiveCfg = Release|Any CPU
		{04BF1C8C-EACA-466D-80D8-C2B9012A37F1}.Ad-Hoc|iPhoneSimulator.Build.0 = Release|Any CPU
		{04BF1C8C-EACA-466D-80D8-C2B9012A37F1}.Ad-Hoc|x64.ActiveCfg = Release|Any CPU
		{04BF1C8C-EACA-466D-80D8-C2B9012A37F1}.Ad-Hoc|x64.Build.0 = Release|Any CPU
		{04BF1C8C-EACA-466D-80D8-C2B9012A37F1}.Ad-Hoc|x86.ActiveCfg = Release|Any CPU
		{04BF1C8C-EACA-466D-80D8-C2B9012A37F1}.Ad-Hoc|x86.Build.0 = Release|Any CPU
		{04BF1C8C-EACA-466D-80D8-C2B9012A37F1}.AppStore|Any CPU.ActiveCfg = Release|Any CPU
		{04BF1C8C-EACA-466D-80D8-C2B9012A37F1}.AppStore|Any CPU.Build.0 = Release|Any CPU
		{04BF1C8C-EACA-466D-80D8-C2B9012A37F1}.AppStore|ARM.ActiveCfg = Release|Any CPU
		{04BF1C8C-EACA-466D-80D8-C2B9012A37F1}.AppStore|ARM.Build.0 = Release|Any CPU
		{04BF1C8C-EACA-466D-80D8-C2B9012A37F1}.AppStore|iPhone.ActiveCfg = Release|Any CPU
		{04BF1C8C-EACA-466D-80D8-C2B9012A37F1}.AppStore|iPhone.Build.0 = Release|Any CPU
		{04BF1C8C-EACA-466D-80D8-C2B9012A37F1}.AppStore|iPhoneSimulator.ActiveCfg = Release|Any CPU
		{04BF1C8C-EACA-466D-80D8-C2B9012A37F1}.AppStore|iPhoneSimulator.Build.0 = Release|Any CPU
		{04BF1C8C-EACA-466D-80D8-C2B9012A37F1}.AppStore|x64.ActiveCfg = Release|Any CPU
		{04BF1C8C-EACA-466D-80D8-C2B9012A37F1}.AppStore|x64.Build.0 = Release|Any CPU
		{04BF1C8C-EACA-466D-80D8-C2B9012A37F1}.AppStore|x86.ActiveCfg = Release|Any CPU
		{04BF1C8C-EACA-466D-80D8-C2B9012A37F1}.AppStore|x86.Build.0 = Release|Any CPU
		{04BF1C8C-EACA-466D-80D8-C2B9012A37F1}.Debug|Any CPU.ActiveCfg = Debug|Any CPU
		{04BF1C8C-EACA-466D-80D8-C2B9012A37F1}.Debug|Any CPU.Build.0 = Debug|Any CPU
		{04BF1C8C-EACA-466D-80D8-C2B9012A37F1}.Debug|ARM.ActiveCfg = Debug|Any CPU
		{04BF1C8C-EACA-466D-80D8-C2B9012A37F1}.Debug|ARM.Build.0 = Debug|Any CPU
		{04BF1C8C-EACA-466D-80D8-C2B9012A37F1}.Debug|iPhone.ActiveCfg = Debug|Any CPU
		{04BF1C8C-EACA-466D-80D8-C2B9012A37F1}.Debug|iPhone.Build.0 = Debug|Any CPU
		{04BF1C8C-EACA-466D-80D8-C2B9012A37F1}.Debug|iPhoneSimulator.ActiveCfg = Debug|Any CPU
		{04BF1C8C-EACA-466D-80D8-C2B9012A37F1}.Debug|iPhoneSimulator.Build.0 = Debug|Any CPU
		{04BF1C8C-EACA-466D-80D8-C2B9012A37F1}.Debug|x64.ActiveCfg = Debug|Any CPU
		{04BF1C8C-EACA-466D-80D8-C2B9012A37F1}.Debug|x64.Build.0 = Debug|Any CPU
		{04BF1C8C-EACA-466D-80D8-C2B9012A37F1}.Debug|x86.ActiveCfg = Debug|Any CPU
		{04BF1C8C-EACA-466D-80D8-C2B9012A37F1}.Debug|x86.Build.0 = Debug|Any CPU
		{04BF1C8C-EACA-466D-80D8-C2B9012A37F1}.Release|Any CPU.ActiveCfg = Release|Any CPU
		{04BF1C8C-EACA-466D-80D8-C2B9012A37F1}.Release|Any CPU.Build.0 = Release|Any CPU
		{04BF1C8C-EACA-466D-80D8-C2B9012A37F1}.Release|ARM.ActiveCfg = Release|Any CPU
		{04BF1C8C-EACA-466D-80D8-C2B9012A37F1}.Release|ARM.Build.0 = Release|Any CPU
		{04BF1C8C-EACA-466D-80D8-C2B9012A37F1}.Release|iPhone.ActiveCfg = Release|Any CPU
		{04BF1C8C-EACA-466D-80D8-C2B9012A37F1}.Release|iPhone.Build.0 = Release|Any CPU
		{04BF1C8C-EACA-466D-80D8-C2B9012A37F1}.Release|iPhoneSimulator.ActiveCfg = Release|Any CPU
		{04BF1C8C-EACA-466D-80D8-C2B9012A37F1}.Release|iPhoneSimulator.Build.0 = Release|Any CPU
		{04BF1C8C-EACA-466D-80D8-C2B9012A37F1}.Release|x64.ActiveCfg = Release|Any CPU
		{04BF1C8C-EACA-466D-80D8-C2B9012A37F1}.Release|x64.Build.0 = Release|Any CPU
		{04BF1C8C-EACA-466D-80D8-C2B9012A37F1}.Release|x86.ActiveCfg = Release|Any CPU
		{04BF1C8C-EACA-466D-80D8-C2B9012A37F1}.Release|x86.Build.0 = Release|Any CPU
	EndGlobalSection
	GlobalSection(SolutionProperties) = preSolution
		HideSolutionNode = FALSE
	EndGlobalSection
	GlobalSection(NestedProjects) = preSolution
		{4C7DF981-3F54-40EB-82AD-7D54C443FCCC} = {5124C265-C6EF-4415-9497-0EF227E43095}
		{096CE273-B696-42E5-8770-E06FBE982235} = {5124C265-C6EF-4415-9497-0EF227E43095}
		{EBD6A824-A56E-4F33-B352-B4E72D711B00} = {5124C265-C6EF-4415-9497-0EF227E43095}
		{6D4D9135-F225-4626-A9CE-32BDF97AEA89} = {5124C265-C6EF-4415-9497-0EF227E43095}
		{04BF1C8C-EACA-466D-80D8-C2B9012A37F1} = {5124C265-C6EF-4415-9497-0EF227E43095}
	EndGlobalSection
	GlobalSection(ExtensibilityGlobals) = postSolution
		SolutionGuid = {42D18242-8BA9-4238-9D59-10850E1C2C24}
	EndGlobalSection
EndGlobal
