
Microsoft Visual Studio Solution File, Format Version 12.00
# Visual Studio 15
VisualStudioVersion = 15.0.26430.14
MinimumVisualStudioVersion = 10.0.40219.1
Project("{FAE04EC0-301F-11D3-BF4B-00C04F79EFBC}") = "Plugin.InAppBilling.iOS", "Plugin.InAppBilling.iOS\Plugin.InAppBilling.iOS.csproj", "{2882AEEB-D4CD-4EB9-8A6C-6653B33681F0}"
EndProject
Project("{FAE04EC0-301F-11D3-BF4B-00C04F79EFBC}") = "Plugin.InAppBilling.Android", "Plugin.InAppBilling.Android\Plugin.InAppBilling.Android.csproj", "{56A56F17-7DE1-4CA1-9617-BF32E971AC84}"
EndProject
Project("{FAE04EC0-301F-11D3-BF4B-00C04F79EFBC}") = "Plugin.InAppBilling.UWP", "Plugin.InAppBilling.UWP\Plugin.InAppBilling.UWP.csproj", "{E34B516D-C0D8-450F-9DB0-BB6A5B04AEF1}"
EndProject
Project("{FAE04EC0-301F-11D3-BF4B-00C04F79EFBC}") = "VendingLibrary", "VendingLibrary\VendingLibrary.csproj", "{B54390E5-B309-4F2B-9EC5-63D4509F561E}"
EndProject
Project("{2150E333-8FDC-42A3-9474-1A3956D46DE8}") = "Solution Items", "Solution Items", "{3236B15E-C644-4FAA-8568-55E39CCE6D2F}"
	ProjectSection(SolutionItems) = preProject
		..\.editorconfig = ..\.editorconfig
		..\appveyor.yml = ..\appveyor.yml
		..\bootstrapper.ps1 = ..\bootstrapper.ps1
		..\build.cake = ..\build.cake
		..\CHANGELOG.md = ..\CHANGELOG.md
		..\nuget\Plugin.nuspec = ..\nuget\Plugin.nuspec
		..\README.md = ..\README.md
		..\nuget\readme.txt = ..\nuget\readme.txt
	EndProjectSection
EndProject
Project("{9A19103F-16F7-4668-BE54-9A1E7A4F7556}") = "Plugin.InAppBilling", "Plugin.InAppBilling\Plugin.InAppBilling.csproj", "{C570E25E-259F-4D4C-88F0-B2982815192D}"
EndProject
Project("{9A19103F-16F7-4668-BE54-9A1E7A4F7556}") = "Plugin.InAppBilling.Abstractions", "Plugin.InAppBilling.Abstractions\Plugin.InAppBilling.Abstractions.csproj", "{CCD0ED8A-828B-4AC0-A5F2-666A8D5BFE03}"
EndProject
Project("{FAE04EC0-301F-11D3-BF4B-00C04F79EFBC}") = "Plugin.InAppBilling.tvOS", "Plugin.InAppBilling.tvOS\Plugin.InAppBilling.tvOS.csproj", "{79036EB1-A7BE-45C4-97F2-061EEC984BEC}"
EndProject
Global
	GlobalSection(SolutionConfigurationPlatforms) = preSolution
		Debug|Any CPU = Debug|Any CPU
		Debug|ARM = Debug|ARM
		Debug|x64 = Debug|x64
		Debug|x86 = Debug|x86
		Release|Any CPU = Release|Any CPU
		Release|ARM = Release|ARM
		Release|x64 = Release|x64
		Release|x86 = Release|x86
	EndGlobalSection
	GlobalSection(ProjectConfigurationPlatforms) = postSolution
		{2882AEEB-D4CD-4EB9-8A6C-6653B33681F0}.Debug|Any CPU.ActiveCfg = Debug|Any CPU
		{2882AEEB-D4CD-4EB9-8A6C-6653B33681F0}.Debug|Any CPU.Build.0 = Debug|Any CPU
		{2882AEEB-D4CD-4EB9-8A6C-6653B33681F0}.Debug|ARM.ActiveCfg = Debug|Any CPU
		{2882AEEB-D4CD-4EB9-8A6C-6653B33681F0}.Debug|ARM.Build.0 = Debug|Any CPU
		{2882AEEB-D4CD-4EB9-8A6C-6653B33681F0}.Debug|x64.ActiveCfg = Debug|Any CPU
		{2882AEEB-D4CD-4EB9-8A6C-6653B33681F0}.Debug|x64.Build.0 = Debug|Any CPU
		{2882AEEB-D4CD-4EB9-8A6C-6653B33681F0}.Debug|x86.ActiveCfg = Debug|Any CPU
		{2882AEEB-D4CD-4EB9-8A6C-6653B33681F0}.Debug|x86.Build.0 = Debug|Any CPU
		{2882AEEB-D4CD-4EB9-8A6C-6653B33681F0}.Release|Any CPU.ActiveCfg = Release|Any CPU
		{2882AEEB-D4CD-4EB9-8A6C-6653B33681F0}.Release|Any CPU.Build.0 = Release|Any CPU
		{2882AEEB-D4CD-4EB9-8A6C-6653B33681F0}.Release|ARM.ActiveCfg = Release|Any CPU
		{2882AEEB-D4CD-4EB9-8A6C-6653B33681F0}.Release|ARM.Build.0 = Release|Any CPU
		{2882AEEB-D4CD-4EB9-8A6C-6653B33681F0}.Release|x64.ActiveCfg = Release|Any CPU
		{2882AEEB-D4CD-4EB9-8A6C-6653B33681F0}.Release|x64.Build.0 = Release|Any CPU
		{2882AEEB-D4CD-4EB9-8A6C-6653B33681F0}.Release|x86.ActiveCfg = Release|Any CPU
		{2882AEEB-D4CD-4EB9-8A6C-6653B33681F0}.Release|x86.Build.0 = Release|Any CPU
		{56A56F17-7DE1-4CA1-9617-BF32E971AC84}.Debug|Any CPU.ActiveCfg = Debug|Any CPU
		{56A56F17-7DE1-4CA1-9617-BF32E971AC84}.Debug|Any CPU.Build.0 = Debug|Any CPU
		{56A56F17-7DE1-4CA1-9617-BF32E971AC84}.Debug|ARM.ActiveCfg = Debug|Any CPU
		{56A56F17-7DE1-4CA1-9617-BF32E971AC84}.Debug|ARM.Build.0 = Debug|Any CPU
		{56A56F17-7DE1-4CA1-9617-BF32E971AC84}.Debug|x64.ActiveCfg = Debug|Any CPU
		{56A56F17-7DE1-4CA1-9617-BF32E971AC84}.Debug|x64.Build.0 = Debug|Any CPU
		{56A56F17-7DE1-4CA1-9617-BF32E971AC84}.Debug|x86.ActiveCfg = Debug|Any CPU
		{56A56F17-7DE1-4CA1-9617-BF32E971AC84}.Debug|x86.Build.0 = Debug|Any CPU
		{56A56F17-7DE1-4CA1-9617-BF32E971AC84}.Release|Any CPU.ActiveCfg = Release|Any CPU
		{56A56F17-7DE1-4CA1-9617-BF32E971AC84}.Release|Any CPU.Build.0 = Release|Any CPU
		{56A56F17-7DE1-4CA1-9617-BF32E971AC84}.Release|ARM.ActiveCfg = Release|Any CPU
		{56A56F17-7DE1-4CA1-9617-BF32E971AC84}.Release|ARM.Build.0 = Release|Any CPU
		{56A56F17-7DE1-4CA1-9617-BF32E971AC84}.Release|x64.ActiveCfg = Release|Any CPU
		{56A56F17-7DE1-4CA1-9617-BF32E971AC84}.Release|x64.Build.0 = Release|Any CPU
		{56A56F17-7DE1-4CA1-9617-BF32E971AC84}.Release|x86.ActiveCfg = Release|Any CPU
		{56A56F17-7DE1-4CA1-9617-BF32E971AC84}.Release|x86.Build.0 = Release|Any CPU
		{E34B516D-C0D8-450F-9DB0-BB6A5B04AEF1}.Debug|Any CPU.ActiveCfg = Debug|Any CPU
		{E34B516D-C0D8-450F-9DB0-BB6A5B04AEF1}.Debug|Any CPU.Build.0 = Debug|Any CPU
		{E34B516D-C0D8-450F-9DB0-BB6A5B04AEF1}.Debug|ARM.ActiveCfg = Debug|ARM
		{E34B516D-C0D8-450F-9DB0-BB6A5B04AEF1}.Debug|ARM.Build.0 = Debug|ARM
		{E34B516D-C0D8-450F-9DB0-BB6A5B04AEF1}.Debug|x64.ActiveCfg = Debug|x64
		{E34B516D-C0D8-450F-9DB0-BB6A5B04AEF1}.Debug|x64.Build.0 = Debug|x64
		{E34B516D-C0D8-450F-9DB0-BB6A5B04AEF1}.Debug|x86.ActiveCfg = Debug|x86
		{E34B516D-C0D8-450F-9DB0-BB6A5B04AEF1}.Debug|x86.Build.0 = Debug|x86
		{E34B516D-C0D8-450F-9DB0-BB6A5B04AEF1}.Release|Any CPU.ActiveCfg = Release|Any CPU
		{E34B516D-C0D8-450F-9DB0-BB6A5B04AEF1}.Release|Any CPU.Build.0 = Release|Any CPU
		{E34B516D-C0D8-450F-9DB0-BB6A5B04AEF1}.Release|ARM.ActiveCfg = Release|ARM
		{E34B516D-C0D8-450F-9DB0-BB6A5B04AEF1}.Release|ARM.Build.0 = Release|ARM
		{E34B516D-C0D8-450F-9DB0-BB6A5B04AEF1}.Release|x64.ActiveCfg = Release|x64
		{E34B516D-C0D8-450F-9DB0-BB6A5B04AEF1}.Release|x64.Build.0 = Release|x64
		{E34B516D-C0D8-450F-9DB0-BB6A5B04AEF1}.Release|x86.ActiveCfg = Release|x86
		{E34B516D-C0D8-450F-9DB0-BB6A5B04AEF1}.Release|x86.Build.0 = Release|x86
		{B54390E5-B309-4F2B-9EC5-63D4509F561E}.Debug|Any CPU.ActiveCfg = Debug|Any CPU
		{B54390E5-B309-4F2B-9EC5-63D4509F561E}.Debug|Any CPU.Build.0 = Debug|Any CPU
		{B54390E5-B309-4F2B-9EC5-63D4509F561E}.Debug|ARM.ActiveCfg = Debug|Any CPU
		{B54390E5-B309-4F2B-9EC5-63D4509F561E}.Debug|ARM.Build.0 = Debug|Any CPU
		{B54390E5-B309-4F2B-9EC5-63D4509F561E}.Debug|x64.ActiveCfg = Debug|Any CPU
		{B54390E5-B309-4F2B-9EC5-63D4509F561E}.Debug|x64.Build.0 = Debug|Any CPU
		{B54390E5-B309-4F2B-9EC5-63D4509F561E}.Debug|x86.ActiveCfg = Debug|Any CPU
		{B54390E5-B309-4F2B-9EC5-63D4509F561E}.Debug|x86.Build.0 = Debug|Any CPU
		{B54390E5-B309-4F2B-9EC5-63D4509F561E}.Release|Any CPU.ActiveCfg = Release|Any CPU
		{B54390E5-B309-4F2B-9EC5-63D4509F561E}.Release|Any CPU.Build.0 = Release|Any CPU
		{B54390E5-B309-4F2B-9EC5-63D4509F561E}.Release|ARM.ActiveCfg = Release|Any CPU
		{B54390E5-B309-4F2B-9EC5-63D4509F561E}.Release|ARM.Build.0 = Release|Any CPU
		{B54390E5-B309-4F2B-9EC5-63D4509F561E}.Release|x64.ActiveCfg = Release|Any CPU
		{B54390E5-B309-4F2B-9EC5-63D4509F561E}.Release|x64.Build.0 = Release|Any CPU
		{B54390E5-B309-4F2B-9EC5-63D4509F561E}.Release|x86.ActiveCfg = Release|Any CPU
		{B54390E5-B309-4F2B-9EC5-63D4509F561E}.Release|x86.Build.0 = Release|Any CPU
		{C570E25E-259F-4D4C-88F0-B2982815192D}.Debug|Any CPU.ActiveCfg = Debug|Any CPU
		{C570E25E-259F-4D4C-88F0-B2982815192D}.Debug|Any CPU.Build.0 = Debug|Any CPU
		{C570E25E-259F-4D4C-88F0-B2982815192D}.Debug|ARM.ActiveCfg = Debug|Any CPU
		{C570E25E-259F-4D4C-88F0-B2982815192D}.Debug|ARM.Build.0 = Debug|Any CPU
		{C570E25E-259F-4D4C-88F0-B2982815192D}.Debug|x64.ActiveCfg = Debug|Any CPU
		{C570E25E-259F-4D4C-88F0-B2982815192D}.Debug|x64.Build.0 = Debug|Any CPU
		{C570E25E-259F-4D4C-88F0-B2982815192D}.Debug|x86.ActiveCfg = Debug|Any CPU
		{C570E25E-259F-4D4C-88F0-B2982815192D}.Debug|x86.Build.0 = Debug|Any CPU
		{C570E25E-259F-4D4C-88F0-B2982815192D}.Release|Any CPU.ActiveCfg = Release|Any CPU
		{C570E25E-259F-4D4C-88F0-B2982815192D}.Release|Any CPU.Build.0 = Release|Any CPU
		{C570E25E-259F-4D4C-88F0-B2982815192D}.Release|ARM.ActiveCfg = Release|Any CPU
		{C570E25E-259F-4D4C-88F0-B2982815192D}.Release|ARM.Build.0 = Release|Any CPU
		{C570E25E-259F-4D4C-88F0-B2982815192D}.Release|x64.ActiveCfg = Release|Any CPU
		{C570E25E-259F-4D4C-88F0-B2982815192D}.Release|x64.Build.0 = Release|Any CPU
		{C570E25E-259F-4D4C-88F0-B2982815192D}.Release|x86.ActiveCfg = Release|Any CPU
		{C570E25E-259F-4D4C-88F0-B2982815192D}.Release|x86.Build.0 = Release|Any CPU
		{CCD0ED8A-828B-4AC0-A5F2-666A8D5BFE03}.Debug|Any CPU.ActiveCfg = Debug|Any CPU
		{CCD0ED8A-828B-4AC0-A5F2-666A8D5BFE03}.Debug|Any CPU.Build.0 = Debug|Any CPU
		{CCD0ED8A-828B-4AC0-A5F2-666A8D5BFE03}.Debug|ARM.ActiveCfg = Debug|Any CPU
		{CCD0ED8A-828B-4AC0-A5F2-666A8D5BFE03}.Debug|ARM.Build.0 = Debug|Any CPU
		{CCD0ED8A-828B-4AC0-A5F2-666A8D5BFE03}.Debug|x64.ActiveCfg = Debug|Any CPU
		{CCD0ED8A-828B-4AC0-A5F2-666A8D5BFE03}.Debug|x64.Build.0 = Debug|Any CPU
		{CCD0ED8A-828B-4AC0-A5F2-666A8D5BFE03}.Debug|x86.ActiveCfg = Debug|Any CPU
		{CCD0ED8A-828B-4AC0-A5F2-666A8D5BFE03}.Debug|x86.Build.0 = Debug|Any CPU
		{CCD0ED8A-828B-4AC0-A5F2-666A8D5BFE03}.Release|Any CPU.ActiveCfg = Release|Any CPU
		{CCD0ED8A-828B-4AC0-A5F2-666A8D5BFE03}.Release|Any CPU.Build.0 = Release|Any CPU
		{CCD0ED8A-828B-4AC0-A5F2-666A8D5BFE03}.Release|ARM.ActiveCfg = Release|Any CPU
		{CCD0ED8A-828B-4AC0-A5F2-666A8D5BFE03}.Release|ARM.Build.0 = Release|Any CPU
		{CCD0ED8A-828B-4AC0-A5F2-666A8D5BFE03}.Release|x64.ActiveCfg = Release|Any CPU
		{CCD0ED8A-828B-4AC0-A5F2-666A8D5BFE03}.Release|x64.Build.0 = Release|Any CPU
		{CCD0ED8A-828B-4AC0-A5F2-666A8D5BFE03}.Release|x86.ActiveCfg = Release|Any CPU
		{CCD0ED8A-828B-4AC0-A5F2-666A8D5BFE03}.Release|x86.Build.0 = Release|Any CPU
		{79036EB1-A7BE-45C4-97F2-061EEC984BEC}.Debug|Any CPU.ActiveCfg = Debug|Any CPU
		{79036EB1-A7BE-45C4-97F2-061EEC984BEC}.Debug|Any CPU.Build.0 = Debug|Any CPU
		{79036EB1-A7BE-45C4-97F2-061EEC984BEC}.Debug|ARM.ActiveCfg = Debug|Any CPU
		{79036EB1-A7BE-45C4-97F2-061EEC984BEC}.Debug|ARM.Build.0 = Debug|Any CPU
		{79036EB1-A7BE-45C4-97F2-061EEC984BEC}.Debug|x64.ActiveCfg = Debug|Any CPU
		{79036EB1-A7BE-45C4-97F2-061EEC984BEC}.Debug|x64.Build.0 = Debug|Any CPU
		{79036EB1-A7BE-45C4-97F2-061EEC984BEC}.Debug|x86.ActiveCfg = Debug|Any CPU
		{79036EB1-A7BE-45C4-97F2-061EEC984BEC}.Debug|x86.Build.0 = Debug|Any CPU
		{79036EB1-A7BE-45C4-97F2-061EEC984BEC}.Release|Any CPU.ActiveCfg = Release|Any CPU
		{79036EB1-A7BE-45C4-97F2-061EEC984BEC}.Release|Any CPU.Build.0 = Release|Any CPU
		{79036EB1-A7BE-45C4-97F2-061EEC984BEC}.Release|ARM.ActiveCfg = Release|Any CPU
		{79036EB1-A7BE-45C4-97F2-061EEC984BEC}.Release|ARM.Build.0 = Release|Any CPU
		{79036EB1-A7BE-45C4-97F2-061EEC984BEC}.Release|x64.ActiveCfg = Release|Any CPU
		{79036EB1-A7BE-45C4-97F2-061EEC984BEC}.Release|x64.Build.0 = Release|Any CPU
		{79036EB1-A7BE-45C4-97F2-061EEC984BEC}.Release|x86.ActiveCfg = Release|Any CPU
		{79036EB1-A7BE-45C4-97F2-061EEC984BEC}.Release|x86.Build.0 = Release|Any CPU
	EndGlobalSection
	GlobalSection(SolutionProperties) = preSolution
		HideSolutionNode = FALSE
	EndGlobalSection
EndGlobal
